<?xml version="1.0" encoding="utf-8"?>
<Project ToolsVersion="4.0" xmlns="http://schemas.microsoft.com/developer/msbuild/2003">
  <ItemGroup>
    <ClCompile Include="period_search\areanorm.c">
      <Filter>Source Files</Filter>
    </ClCompile>
    <ClCompile Include="period_search\blmatrix.c">
      <Filter>Source Files</Filter>
    </ClCompile>
    <ClCompile Include="period_search\bright_fma.c">
      <Filter>Source Files</Filter>
    </ClCompile>
    <ClCompile Include="period_search\conv_fma.c">
      <Filter>Source Files</Filter>
    </ClCompile>
    <ClCompile Include="period_search\covsrt.c">
      <Filter>Source Files</Filter>
    </ClCompile>
    <ClCompile Include="period_search\curv.c">
      <Filter>Source Files</Filter>
    </ClCompile>
    <ClCompile Include="period_search\dot_product.c">
      <Filter>Source Files</Filter>
    </ClCompile>
    <ClCompile Include="period_search\ellfit.c">
      <Filter>Source Files</Filter>
    </ClCompile>
    <ClCompile Include="period_search\gauss_errc_fma.c">
      <Filter>Source Files</Filter>
    </ClCompile>
    <ClCompile Include="period_search\lubksb.c">
      <Filter>Source Files</Filter>
    </ClCompile>
    <ClCompile Include="period_search\ludcmp.c">
      <Filter>Source Files</Filter>
    </ClCompile>
    <ClCompile Include="period_search\matrix.c">
      <Filter>Source Files</Filter>
    </ClCompile>
    <ClCompile Include="period_search\memory.c">
      <Filter>Source Files</Filter>
    </ClCompile>
    <ClCompile Include="period_search\mrqcof_fma.c">
      <Filter>Source Files</Filter>
    </ClCompile>
    <ClCompile Include="period_search\mrqmin.c">
      <Filter>Source Files</Filter>
    </ClCompile>
    <ClCompile Include="period_search\period_search_BOINC.cpp">
      <Filter>Source Files</Filter>
    </ClCompile>
    <ClCompile Include="period_search\phasec.c">
      <Filter>Source Files</Filter>
    </ClCompile>
    <ClCompile Include="period_search\sphfunc.c">
      <Filter>Source Files</Filter>
    </ClCompile>
    <ClCompile Include="period_search\trifac.c">
      <Filter>Source Files</Filter>
    </ClCompile>
    <ClCompile Include="period_search\VersionInfo.cpp">
      <Filter>Source Files</Filter>
    </ClCompile>
    <ClCompile Include="period_search\CpuInfo.cpp">
      <Filter>Source Files</Filter>
    </ClCompile>
  </ItemGroup>
  <ItemGroup>
    <ClInclude Include="period_search\constants.h">
      <Filter>Header Files</Filter>
    </ClInclude>
    <ClInclude Include="period_search\declarations.h">
      <Filter>Header Files</Filter>
    </ClInclude>
    <ClInclude Include="period_search\globals.h">
      <Filter>Header Files</Filter>
    </ClInclude>
    <ClInclude Include="resource.h">
      <Filter>Resource Files</Filter>
    </ClInclude>
    <ClInclude Include="period_search\resource.h">
      <Filter>Header Files</Filter>
    </ClInclude>
  </ItemGroup>
  <ItemGroup>
    <None Include="period_search\Makefile" />
  </ItemGroup>
  <ItemGroup>
    <Filter Include="Header Files">
      <UniqueIdentifier>{3a629f8e-4435-4076-b5d6-8fa61063de25}</UniqueIdentifier>
      <Extensions>h;hh;hpp;hxx;h++;hm;inl;inc;ipp;xsd</Extensions>
    </Filter>
    <Filter Include="Resource Files">
      <UniqueIdentifier>{f7b3ba72-fd55-4c36-9db4-1481bdfbcc38}</UniqueIdentifier>
      <Extensions>rc;ico;cur;bmp;dlg;rc2;rct;bin;rgs;gif;jpg;jpeg;jpe;resx;tiff;tif;png;wav;mfcribbon-ms</Extensions>
    </Filter>
    <Filter Include="Source Files">
      <UniqueIdentifier>{6a11c84c-efc9-4bf6-a1fa-dc3ada080c32}</UniqueIdentifier>
      <Extensions>cpp;c;cc;cxx;c++a;cppm;ixx;def;odl;idl;hpj;bat;asm;asmx</Extensions>
    </Filter>
  </ItemGroup>
  <ItemGroup>
    <Image Include="period_search\logo_Nta_icon.ico">
      <Filter>Resource Files</Filter>
    </Image>
  </ItemGroup>
  <ItemGroup>
    <ResourceCompile Include="period_search\psfma.rc">
      <Filter>Resource Files</Filter>
    </ResourceCompile>
  </ItemGroup>
</Project>