<?xml version="1.0" encoding="utf-8"?>
<Project ToolsVersion="4.0" xmlns="http://schemas.microsoft.com/developer/msbuild/2003">
  <ItemGroup>
    <ClCompile Include="period_search\areanorm.c">
      <Filter>Source Files</Filter>
    </ClCompile>
    <ClCompile Include="period_search\blmatrix.c">
      <Filter>Source Files</Filter>
    </ClCompile>
    <ClCompile Include="period_search\bright.c">
      <Filter>Source Files</Filter>
    </ClCompile>
    <ClCompile Include="period_search\conv.c">
      <Filter>Source Files</Filter>
    </ClCompile>
    <ClCompile Include="period_search\covsrt.c">
      <Filter>Source Files</Filter>
    </ClCompile>
    <ClCompile Include="period_search\curv.c">
      <Filter>Source Files</Filter>
    </ClCompile>
    <ClCompile Include="period_search\dot_product.c">
      <Filter>Source Files</Filter>
    </ClCompile>
    <ClCompile Include="period_search\ellfit.c">
      <Filter>Source Files</Filter>
    </ClCompile>
    <ClCompile Include="period_search\gauss_errc.c">
      <Filter>Source Files</Filter>
    </ClCompile>
    <ClCompile Include="period_search\lubksb.c">
      <Filter>Source Files</Filter>
    </ClCompile>
    <ClCompile Include="period_search\ludcmp.c">
      <Filter>Source Files</Filter>
    </ClCompile>
    <ClCompile Include="period_search\matrix.c">
      <Filter>Source Files</Filter>
    </ClCompile>
    <ClCompile Include="period_search\memory.c">
      <Filter>Source Files</Filter>
    </ClCompile>
    <ClCompile Include="period_search\mrqcof.c">
      <Filter>Source Files</Filter>
    </ClCompile>
    <ClCompile Include="period_search\mrqmin.c">
      <Filter>Source Files</Filter>
    </ClCompile>
    <ClCompile Include="period_search\period_search_BOINC.cpp">
      <Filter>Source Files</Filter>
    </ClCompile>
    <ClCompile Include="period_search\phasec.c">
      <Filter>Source Files</Filter>
    </ClCompile>
    <ClCompile Include="period_search\sphfunc.c">
      <Filter>Source Files</Filter>
    </ClCompile>
    <ClCompile Include="period_search\trifac.c">
      <Filter>Source Files</Filter>
    </ClCompile>
    <ClCompile Include="period_search\VersionInfo.cpp">
      <Filter>Source Files</Filter>
    </ClCompile>
    <ClCompile Include="period_search\arrayHelpers.cpp">
      <Filter>Source Files</Filter>
    </ClCompile>
    <ClCompile Include="period_search\bright.cpp">
      <Filter>Source Files</Filter>
    </ClCompile>
    <ClCompile Include="period_search\bright_asimd.cpp">
      <Filter>Source Files</Filter>
    </ClCompile>
    <ClCompile Include="period_search\bright_avx.cpp">
      <Filter>Source Files</Filter>
    </ClCompile>
    <ClCompile Include="period_search\bright_avx512.cpp">
      <Filter>Source Files</Filter>
    </ClCompile>
    <ClCompile Include="period_search\bright_fma.cpp">
      <Filter>Source Files</Filter>
    </ClCompile>
    <ClCompile Include="period_search\bright_fma_bad.cpp">
      <Filter>Source Files</Filter>
    </ClCompile>
    <ClCompile Include="period_search\bright_sse2.cpp">
      <Filter>Source Files</Filter>
    </ClCompile>
    <ClCompile Include="period_search\bright_sse3.cpp">
      <Filter>Source Files</Filter>
    </ClCompile>
    <ClCompile Include="period_search\conv.cpp">
      <Filter>Source Files</Filter>
    </ClCompile>
    <ClCompile Include="period_search\conv_asimd.cpp">
      <Filter>Source Files</Filter>
    </ClCompile>
    <ClCompile Include="period_search\conv_avx.cpp">
      <Filter>Source Files</Filter>
    </ClCompile>
    <ClCompile Include="period_search\conv_avx512.cpp">
      <Filter>Source Files</Filter>
    </ClCompile>
    <ClCompile Include="period_search\conv_fma.cpp">
      <Filter>Source Files</Filter>
    </ClCompile>
    <ClCompile Include="period_search\conv_sse2.cpp">
      <Filter>Source Files</Filter>
    </ClCompile>
    <ClCompile Include="period_search\conv_sse3.cpp">
      <Filter>Source Files</Filter>
    </ClCompile>
    <ClCompile Include="period_search\CpuInfo.cpp">
      <Filter>Source Files</Filter>
    </ClCompile>
    <ClCompile Include="period_search\CpuInfoArm.cpp">
      <Filter>Source Files</Filter>
    </ClCompile>
    <ClCompile Include="period_search\curv.cpp">
      <Filter>Source Files</Filter>
    </ClCompile>
    <ClCompile Include="period_search\curv_asimd.cpp">
      <Filter>Source Files</Filter>
    </ClCompile>
    <ClCompile Include="period_search\curv_avx.cpp">
      <Filter>Source Files</Filter>
    </ClCompile>
    <ClCompile Include="period_search\curv_avx512.cpp">
      <Filter>Source Files</Filter>
    </ClCompile>
    <ClCompile Include="period_search\curv_fma.cpp">
      <Filter>Source Files</Filter>
    </ClCompile>
    <ClCompile Include="period_search\curv_sse2.cpp">
      <Filter>Source Files</Filter>
    </ClCompile>
    <ClCompile Include="period_search\curv_sse3.cpp">
      <Filter>Source Files</Filter>
    </ClCompile>
    <ClCompile Include="period_search\dot_product.cpp">
      <Filter>Source Files</Filter>
    </ClCompile>
    <ClCompile Include="period_search\EnumHelpers.cpp">
      <Filter>Source Files</Filter>
    </ClCompile>
    <ClCompile Include="period_search\gauss_errc.cpp">
      <Filter>Source Files</Filter>
    </ClCompile>
    <ClCompile Include="period_search\gauss_errc_asimd.cpp">
      <Filter>Source Files</Filter>
    </ClCompile>
    <ClCompile Include="period_search\gauss_errc_avx.cpp">
      <Filter>Source Files</Filter>
    </ClCompile>
    <ClCompile Include="period_search\gauss_errc_fma.cpp">
      <Filter>Source Files</Filter>
    </ClCompile>
    <ClCompile Include="period_search\gauss_errc_avx512.cpp">
      <Filter>Source Files</Filter>
    </ClCompile>
    <ClCompile Include="period_search\gauss_errc_sse2.cpp">
      <Filter>Source Files</Filter>
    </ClCompile>
    <ClCompile Include="period_search\gauss_errc_sse3.cpp">
      <Filter>Source Files</Filter>
    </ClCompile>
    <ClCompile Include="period_search\mrqcof.cpp">
      <Filter>Source Files</Filter>
    </ClCompile>
    <ClCompile Include="period_search\mrqcof_asimd.cpp">
      <Filter>Source Files</Filter>
    </ClCompile>
    <ClCompile Include="period_search\mrqcof_avx.cpp">
      <Filter>Source Files</Filter>
    </ClCompile>
    <ClCompile Include="period_search\mrqcof_avx512.cpp">
      <Filter>Source Files</Filter>
    </ClCompile>
    <ClCompile Include="period_search\mrqcof_fma.cpp">
      <Filter>Source Files</Filter>
    </ClCompile>
    <ClCompile Include="period_search\mrqcof_sse2.cpp">
      <Filter>Source Files</Filter>
    </ClCompile>
    <ClCompile Include="period_search\mrqcof_sse3.cpp">
      <Filter>Source Files</Filter>
    </ClCompile>
    <ClCompile Include="period_search\systeminfo.cpp">
      <Filter>Source Files</Filter>
    </ClCompile>
  </ItemGroup>
  <ItemGroup>
    <ClInclude Include="resource1.h">
      <Filter>Resource Files</Filter>
    </ClInclude>
    <ClInclude Include="period_search\resource.h">
      <Filter>Resource Files</Filter>
    </ClInclude>
    <ClInclude Include="period_search\constants.h">
      <Filter>Header Files</Filter>
    </ClInclude>
    <ClInclude Include="period_search\declarations.h">
      <Filter>Header Files</Filter>
    </ClInclude>
    <ClInclude Include="period_search\globals.h">
      <Filter>Header Files</Filter>
    </ClInclude>
    <ClInclude Include="period_search\arrayHelpers.hpp">
      <Filter>Header Files</Filter>
    </ClInclude>
    <ClInclude Include="period_search\CalcStrategy.hpp">
      <Filter>Header Files</Filter>
    </ClInclude>
    <ClInclude Include="period_search\CalcStrategyAsimd.hpp">
      <Filter>Header Files</Filter>
    </ClInclude>
    <ClInclude Include="period_search\CalcStrategyAvx.hpp">
      <Filter>Header Files</Filter>
    </ClInclude>
    <ClInclude Include="period_search\CalcStrategyAvx512.hpp">
      <Filter>Header Files</Filter>
    </ClInclude>
    <ClInclude Include="period_search\CalcStrategyFma.hpp">
      <Filter>Header Files</Filter>
    </ClInclude>
    <ClInclude Include="period_search\CalcStrategyNone.hpp">
      <Filter>Header Files</Filter>
    </ClInclude>
    <ClInclude Include="period_search\CalcStrategySse2.hpp">
      <Filter>Header Files</Filter>
    </ClInclude>
    <ClInclude Include="period_search\CalcStrategySse3.hpp">
      <Filter>Header Files</Filter>
    </ClInclude>
    <ClInclude Include="period_search\Enums.h">
      <Filter>Header Files</Filter>
    </ClInclude>
    <ClInclude Include="period_search\systeminfo.h">
      <Filter>Header Files</Filter>
    </ClInclude>
    <ClInclude Include="period_search\VersionInfo.h">
      <Filter>Header Files</Filter>
    </ClInclude>
  </ItemGroup>
  <ItemGroup>
    <Filter Include="Header Files">
      <UniqueIdentifier>{67874e72-8f26-4f56-8a3a-fd43df4c1181}</UniqueIdentifier>
    </Filter>
    <Filter Include="Source Files">
      <UniqueIdentifier>{64a21438-0a19-4149-97ff-f7ab879a553f}</UniqueIdentifier>
    </Filter>
    <Filter Include="Resource Files">
      <UniqueIdentifier>{b43789ce-f11f-4bf5-b776-bc61fa64010a}</UniqueIdentifier>
    </Filter>
  </ItemGroup>
  <ItemGroup>
    <ResourceCompile Include="pssse_XP_x64.rc">
      <Filter>Resource Files</Filter>
    </ResourceCompile>
  </ItemGroup>
  <ItemGroup>
    <Image Include="period_search\logo_Nta_icon.ico">
      <Filter>Resource Files</Filter>
    </Image>
  </ItemGroup>
</Project>