
Microsoft Visual Studio Solution File, Format Version 12.00
# Visual Studio Version 17
VisualStudioVersion = 17.2.32516.85
MinimumVisualStudioVersion = 10.0.40219.1
Project("{8BC9CEB8-8B4A-11D0-8D11-00A0C91BC942}") = "pscuda_11_8", "period_search_cuda\pscuda_11_8.vcxproj", "{91667A4A-DA49-4CF7-949B-A8C6FA174432}"
EndProject
Project("{8BC9CEB8-8B4A-11D0-8D11-00A0C91BC942}") = "pscuda_11_2", "period_search_cuda\pscuda_11_2.vcxproj", "{2933B6B4-03EE-49F0-AC8B-C8853FC50F15}"
EndProject
Project("{8BC9CEB8-8B4A-11D0-8D11-00A0C91BC942}") = "pscuda_11_1", "period_search_cuda\pscuda_11_1.vcxproj", "{A951F6EF-E3DD-4FBE-8A91-87F53D6CA18B}"
EndProject
Project("{8BC9CEB8-8B4A-11D0-8D11-00A0C91BC942}") = "pscuda_11_0", "period_search_cuda\pscuda_11_0.vcxproj", "{7A214B61-D6A2-4D39-B889-49176EB67CFA}"
EndProject
Project("{2150E333-8FDC-42A3-9474-1A3956D46DE8}") = "period_search_cuda", "period_search_cuda", "{6F16BAAC-38EB-4EBF-A22F-33733AA4CFEE}"
EndProject
Project("{2150E333-8FDC-42A3-9474-1A3956D46DE8}") = "period_search", "period_search", "{70B86978-B8F5-43FF-8F17-84B126117789}"
	ProjectSection(SolutionItems) = preProject
		period_search\areanorm.c = period_search\areanorm.c
		period_search\blmatrix.c = period_search\blmatrix.c
		period_search\boinc_lockfile = period_search\boinc_lockfile
		period_search\boinc_uppercase_0 = period_search\boinc_uppercase_0
		period_search\bright.c = period_search\bright.c
		period_search\constants.h = period_search\constants.h
		period_search\conv.c = period_search\conv.c
		period_search\covsrt.c = period_search\covsrt.c
		period_search\curv.c = period_search\curv.c
		period_search\declarations.h = period_search\declarations.h
		period_search\dot_product.c = period_search\dot_product.c
		period_search\ellfit.c = period_search\ellfit.c
		period_search\funkcni_zaloha_2012_04_12_v11102.tar.gz = period_search\funkcni_zaloha_2012_04_12_v11102.tar.gz
		period_search\funkcni_zaloha_2012_04_16_v11200.tar.gz = period_search\funkcni_zaloha_2012_04_16_v11200.tar.gz
		period_search\funkcni_zaloha_2012_07_23_v10000.tar.gz = period_search\funkcni_zaloha_2012_07_23_v10000.tar.gz
		period_search\funkcni_zaloha_2012_08_03_v10010.tar.gz = period_search\funkcni_zaloha_2012_08_03_v10010.tar.gz
		period_search\funkcni_zaloha_2012_08_24_v10100.tar.gz = period_search\funkcni_zaloha_2012_08_24_v10100.tar.gz
		period_search\gauss_errc.c = period_search\gauss_errc.c
		period_search\globals.h = period_search\globals.h
		period_search\lubksb.c = period_search\lubksb.c
		period_search\ludcmp.c = period_search\ludcmp.c
		period_search\Makefile = period_search\Makefile
		period_search\Makefile_mac = period_search\Makefile_mac
		period_search\Makefile_mac2 = period_search\Makefile_mac2
		period_search\MakeMacExample.sh = period_search\MakeMacExample.sh
		period_search\matrix.c = period_search\matrix.c
		period_search\memory.c = period_search\memory.c
		period_search\mrqcof.c = period_search\mrqcof.c
		period_search\mrqmin.c = period_search\mrqmin.c
		period_search\period_search_BOINC.cpp = period_search\period_search_BOINC.cpp
		period_search\period_search_in = period_search\period_search_in
		period_search\period_search_out = period_search\period_search_out
		period_search\period_search_state = period_search\period_search_state
		period_search\phasec.c = period_search\phasec.c
		period_search\README = period_search\README
		period_search\sphfunc.c = period_search\sphfunc.c
		period_search\stderr.txt = period_search\stderr.txt
		period_search\trifac.c = period_search\trifac.c
		period_search\uc2.h = period_search\uc2.h
		period_search\uc2_graphics.cpp = period_search\uc2_graphics.cpp
	EndProjectSection
EndProject
Project("{2150E333-8FDC-42A3-9474-1A3956D46DE8}") = "input_period_search", "input_period_search", "{E6D22C77-5790-40DB-9ED7-65AD49DED1D8}"
	ProjectSection(SolutionItems) = preProject
		period_search\input_period_search\period_search_in_10537 = period_search\input_period_search\period_search_in_10537
		period_search\input_period_search\period_search_in_16686 = period_search\input_period_search\period_search_in_16686
		period_search\input_period_search\period_search_in_16737 = period_search\input_period_search\period_search_in_16737
		period_search\input_period_search\period_search_in_16783 = period_search\input_period_search\period_search_in_16783
		period_search\input_period_search\period_search_in_17003 = period_search\input_period_search\period_search_in_17003
		period_search\input_period_search\period_search_in_17027 = period_search\input_period_search\period_search_in_17027
		period_search\input_period_search\period_search_in_17546 = period_search\input_period_search\period_search_in_17546
		period_search\input_period_search\period_search_in_17979 = period_search\input_period_search\period_search_in_17979
		period_search\input_period_search\period_search_in_18160 = period_search\input_period_search\period_search_in_18160
		period_search\input_period_search\period_search_in_18181 = period_search\input_period_search\period_search_in_18181
		period_search\input_period_search\period_search_in_18353 = period_search\input_period_search\period_search_in_18353
		period_search\input_period_search\period_search_in_18377 = period_search\input_period_search\period_search_in_18377
		period_search\input_period_search\period_search_in_18778 = period_search\input_period_search\period_search_in_18778
		period_search\input_period_search\period_search_in_18804 = period_search\input_period_search\period_search_in_18804
		period_search\input_period_search\period_search_in_19290 = period_search\input_period_search\period_search_in_19290
		period_search\input_period_search\period_search_in_19353 = period_search\input_period_search\period_search_in_19353
		period_search\input_period_search\period_search_in_19404 = period_search\input_period_search\period_search_in_19404
		period_search\input_period_search\period_search_in_19580 = period_search\input_period_search\period_search_in_19580
		period_search\input_period_search\period_search_in_19630 = period_search\input_period_search\period_search_in_19630
		period_search\input_period_search\period_search_in_19999 = period_search\input_period_search\period_search_in_19999
		period_search\input_period_search\period_search_in_20188 = period_search\input_period_search\period_search_in_20188
		period_search\input_period_search\period_search_in_20360 = period_search\input_period_search\period_search_in_20360
		period_search\input_period_search\period_search_in_20614 = period_search\input_period_search\period_search_in_20614
		period_search\input_period_search\period_search_in_21570 = period_search\input_period_search\period_search_in_21570
		period_search\input_period_search\period_search_in_2263 = period_search\input_period_search\period_search_in_2263
		period_search\input_period_search\period_search_in_22890 = period_search\input_period_search\period_search_in_22890
		period_search\input_period_search\period_search_in_23046 = period_search\input_period_search\period_search_in_23046
		period_search\input_period_search\period_search_in_23482 = period_search\input_period_search\period_search_in_23482
		period_search\input_period_search\period_search_in_24816 = period_search\input_period_search\period_search_in_24816
		period_search\input_period_search\period_search_in_2543 = period_search\input_period_search\period_search_in_2543
		period_search\input_period_search\period_search_in_25743 = period_search\input_period_search\period_search_in_25743
		period_search\input_period_search\period_search_in_26088 = period_search\input_period_search\period_search_in_26088
		period_search\input_period_search\period_search_in_26343 = period_search\input_period_search\period_search_in_26343
		period_search\input_period_search\period_search_in_26352 = period_search\input_period_search\period_search_in_26352
		period_search\input_period_search\period_search_in_26380 = period_search\input_period_search\period_search_in_26380
		period_search\input_period_search\period_search_in_2661 = period_search\input_period_search\period_search_in_2661
		period_search\input_period_search\period_search_in_26829 = period_search\input_period_search\period_search_in_26829
		period_search\input_period_search\period_search_in_26977 = period_search\input_period_search\period_search_in_26977
		period_search\input_period_search\period_search_in_2731 = period_search\input_period_search\period_search_in_2731
		period_search\input_period_search\period_search_in_2828 = period_search\input_period_search\period_search_in_2828
		period_search\input_period_search\period_search_in_28304 = period_search\input_period_search\period_search_in_28304
		period_search\input_period_search\period_search_in_28825 = period_search\input_period_search\period_search_in_28825
		period_search\input_period_search\period_search_in_28949 = period_search\input_period_search\period_search_in_28949
		period_search\input_period_search\period_search_in_29306 = period_search\input_period_search\period_search_in_29306
		period_search\input_period_search\period_search_in_29664 = period_search\input_period_search\period_search_in_29664
		period_search\input_period_search\period_search_in_30215 = period_search\input_period_search\period_search_in_30215
		period_search\input_period_search\period_search_in_30382 = period_search\input_period_search\period_search_in_30382
		period_search\input_period_search\period_search_in_30507 = period_search\input_period_search\period_search_in_30507
		period_search\input_period_search\period_search_in_31301 = period_search\input_period_search\period_search_in_31301
		period_search\input_period_search\period_search_in_32110 = period_search\input_period_search\period_search_in_32110
		period_search\input_period_search\period_search_in_32988 = period_search\input_period_search\period_search_in_32988
		period_search\input_period_search\period_search_in_3343 = period_search\input_period_search\period_search_in_3343
		period_search\input_period_search\period_search_in_33475 = period_search\input_period_search\period_search_in_33475
		period_search\input_period_search\period_search_in_33645 = period_search\input_period_search\period_search_in_33645
		period_search\input_period_search\period_search_in_33676 = period_search\input_period_search\period_search_in_33676
		period_search\input_period_search\period_search_in_33794 = period_search\input_period_search\period_search_in_33794
		period_search\input_period_search\period_search_in_33947 = period_search\input_period_search\period_search_in_33947
		period_search\input_period_search\period_search_in_34037 = period_search\input_period_search\period_search_in_34037
		period_search\input_period_search\period_search_in_3442 = period_search\input_period_search\period_search_in_3442
		period_search\input_period_search\period_search_in_34873 = period_search\input_period_search\period_search_in_34873
		period_search\input_period_search\period_search_in_35254 = period_search\input_period_search\period_search_in_35254
		period_search\input_period_search\period_search_in_35517 = period_search\input_period_search\period_search_in_35517
		period_search\input_period_search\period_search_in_3580 = period_search\input_period_search\period_search_in_3580
		period_search\input_period_search\period_search_in_35981 = period_search\input_period_search\period_search_in_35981
		period_search\input_period_search\period_search_in_37286 = period_search\input_period_search\period_search_in_37286
		period_search\input_period_search\period_search_in_3747 = period_search\input_period_search\period_search_in_3747
		period_search\input_period_search\period_search_in_3771 = period_search\input_period_search\period_search_in_3771
		period_search\input_period_search\period_search_in_37892 = period_search\input_period_search\period_search_in_37892
		period_search\input_period_search\period_search_in_3957 = period_search\input_period_search\period_search_in_3957
		period_search\input_period_search\period_search_in_4046 = period_search\input_period_search\period_search_in_4046
		period_search\input_period_search\period_search_in_41740 = period_search\input_period_search\period_search_in_41740
		period_search\input_period_search\period_search_in_4281 = period_search\input_period_search\period_search_in_4281
		period_search\input_period_search\period_search_in_4332 = period_search\input_period_search\period_search_in_4332
		period_search\input_period_search\period_search_in_43617 = period_search\input_period_search\period_search_in_43617
		period_search\input_period_search\period_search_in_4491 = period_search\input_period_search\period_search_in_4491
		period_search\input_period_search\period_search_in_47175 = period_search\input_period_search\period_search_in_47175
		period_search\input_period_search\period_search_in_47561 = period_search\input_period_search\period_search_in_47561
		period_search\input_period_search\period_search_in_50240 = period_search\input_period_search\period_search_in_50240
		period_search\input_period_search\period_search_in_50717 = period_search\input_period_search\period_search_in_50717
		period_search\input_period_search\period_search_in_51046 = period_search\input_period_search\period_search_in_51046
		period_search\input_period_search\period_search_in_51466 = period_search\input_period_search\period_search_in_51466
		period_search\input_period_search\period_search_in_52639 = period_search\input_period_search\period_search_in_52639
		period_search\input_period_search\period_search_in_52704 = period_search\input_period_search\period_search_in_52704
		period_search\input_period_search\period_search_in_5281 = period_search\input_period_search\period_search_in_5281
		period_search\input_period_search\period_search_in_53213 = period_search\input_period_search\period_search_in_53213
		period_search\input_period_search\period_search_in_53222 = period_search\input_period_search\period_search_in_53222
		period_search\input_period_search\period_search_in_56769 = period_search\input_period_search\period_search_in_56769
		period_search\input_period_search\period_search_in_57083 = period_search\input_period_search\period_search_in_57083
		period_search\input_period_search\period_search_in_57562 = period_search\input_period_search\period_search_in_57562
		period_search\input_period_search\period_search_in_63699 = period_search\input_period_search\period_search_in_63699
		period_search\input_period_search\period_search_in_65646 = period_search\input_period_search\period_search_in_65646
		period_search\input_period_search\period_search_in_68551 = period_search\input_period_search\period_search_in_68551
		period_search\input_period_search\period_search_in_70559 = period_search\input_period_search\period_search_in_70559
		period_search\input_period_search\period_search_in_72188 = period_search\input_period_search\period_search_in_72188
		period_search\input_period_search\period_search_in_85839 = period_search\input_period_search\period_search_in_85839
		period_search\input_period_search\period_search_in_87925 = period_search\input_period_search\period_search_in_87925
		period_search\input_period_search\period_search_in_88528 = period_search\input_period_search\period_search_in_88528
		period_search\input_period_search\period_search_in_8925 = period_search\input_period_search\period_search_in_8925
		period_search\input_period_search\period_search_in_89283 = period_search\input_period_search\period_search_in_89283
		period_search\input_period_search\period_search_in_93028 = period_search\input_period_search\period_search_in_93028
	EndProjectSection
EndProject
Project("{2150E333-8FDC-42A3-9474-1A3956D46DE8}") = "Solution Items", "Solution Items", "{F880FDD6-F009-4149-913A-236B01615B7B}"
	ProjectSection(SolutionItems) = preProject
		.gitignore = .gitignore
		COPYRIGHT = COPYRIGHT
		LICENSE = LICENSE
		README.md = README.md
	EndProjectSection
EndProject
Project("{2150E333-8FDC-42A3-9474-1A3956D46DE8}") = "period_search_opencl_amd", "period_search_opencl_amd", "{DC48CB22-07EB-4FE4-99DE-5C766750E34B}"
EndProject
Project("{8BC9CEB8-8B4A-11D0-8D11-00A0C91BC942}") = "psopenclamd_vs2019", "period_search_opencl_amd\psopenclamd_vs2019.vcxproj", "{DEFE7518-DFDA-4070-B482-BBA4BD73F1AF}"
EndProject
Project("{8BC9CEB8-8B4A-11D0-8D11-00A0C91BC942}") = "psopenclamd_vs2017", "period_search_opencl_amd\psopenclamd_vs2017.vcxproj", "{0CC070F1-36FB-4812-BBEA-039EA230BE85}"
EndProject
Project("{8BC9CEB8-8B4A-11D0-8D11-00A0C91BC942}") = "psopenclamd_vs2015", "period_search_opencl_amd\psopenclamd_vs2015.vcxproj", "{C2D1BC3F-4270-4E7F-81CA-E86F459F23A4}"
EndProject
Project("{2150E333-8FDC-42A3-9474-1A3956D46DE8}") = "period_search_optimization_avx_fma", "period_search_optimization_avx_fma", "{0D85D7B4-878B-49F7-9924-96E8E454C970}"
EndProject
Project("{8BC9CEB8-8B4A-11D0-8D11-00A0C91BC942}") = "psavx", "period_search_optimization_avx_fma\psavx.vcxproj", "{9E488FB3-AD2B-4D93-B1A9-81C17A13C760}"
EndProject
Project("{8BC9CEB8-8B4A-11D0-8D11-00A0C91BC942}") = "psavx_vs2019", "period_search_optimization_avx_fma\psavx_vs2015.vcxproj", "{E9B5A1C9-8617-4CE5-980B-6FD8FE7F66A8}"
EndProject
Project("{8BC9CEB8-8B4A-11D0-8D11-00A0C91BC942}") = "psavx_vs2019_7", "period_search_optimization_avx_fma\psavx_vs2019_7.vcxproj", "{B24F4F95-97D5-49BF-8A76-5F66E4AF3998}"
EndProject
Project("{8BC9CEB8-8B4A-11D0-8D11-00A0C91BC942}") = "psavx_vs2019_XP", "period_search_optimization_avx_fma\psavx_vs2019_XP.vcxproj", "{1CA83AD6-74C5-4270-AD7C-FFDE62ACD843}"
EndProject
Project("{8BC9CEB8-8B4A-11D0-8D11-00A0C91BC942}") = "psfma_vs2019", "period_search_optimization_avx_fma\psfma_vs2019.vcxproj", "{66FE013E-2581-41FA-BB9B-87C9A71640C3}"
EndProject
Project("{2150E333-8FDC-42A3-9474-1A3956D46DE8}") = "period_search_optimization_cpu", "period_search_optimization_cpu", "{948DD4A2-BF93-4DD1-B9E3-667EF04A44DC}"
EndProject
Project("{8BC9CEB8-8B4A-11D0-8D11-00A0C91BC942}") = "pscpu", "period_search_optimization_cpu\pscpu.vcxproj", "{20569776-4852-41C7-907F-FA8F859BDBBF}"
EndProject
Project("{8BC9CEB8-8B4A-11D0-8D11-00A0C91BC942}") = "pscpu_vs2015", "period_search_optimization_cpu\pscpu_vs2015.vcxproj", "{1A2F5CE4-ED7F-4884-9D3E-5A7C605E0D74}"
EndProject
Project("{8BC9CEB8-8B4A-11D0-8D11-00A0C91BC942}") = "pscpu_vs2019", "period_search_optimization_cpu\pscpu_vs2019.vcxproj", "{6B142E1B-BB2B-4CFF-9880-35336E0FE427}"
EndProject
Project("{8BC9CEB8-8B4A-11D0-8D11-00A0C91BC942}") = "pscpu_vs2019_7", "period_search_optimization_cpu\pscpu_vs2019_7.vcxproj", "{FC0E2683-4415-43CD-B676-93837C2F057B}"
EndProject
Project("{2150E333-8FDC-42A3-9474-1A3956D46DE8}") = "period_search_optimization_sse3", "period_search_optimization_sse3", "{E501BDEE-892C-4356-8CB6-F41676BBEB2F}"
EndProject
Project("{8BC9CEB8-8B4A-11D0-8D11-00A0C91BC942}") = "pssse3", "period_search_optimization_sse3\pssse3.vcxproj", "{25353EF0-5E0E-406A-9A31-8CEE4FEF2A18}"
EndProject
Project("{8BC9CEB8-8B4A-11D0-8D11-00A0C91BC942}") = "pssse3_vs2015", "period_search_optimization_sse3\pssse3_vs2015.vcxproj", "{354F9676-B004-48CE-9240-E9719EDC9A42}"
EndProject
Project("{8BC9CEB8-8B4A-11D0-8D11-00A0C91BC942}") = "pssse3_vs2019", "period_search_optimization_sse3\pssse3_vs2019.vcxproj", "{5548AE18-5E28-4956-8DCF-838E25C74946}"
EndProject
Project("{8BC9CEB8-8B4A-11D0-8D11-00A0C91BC942}") = "pssse3_vs2019_sse2_XP", "period_search_optimization_sse3\pssse3_vs2019_sse2_XP.vcxproj", "{BE886389-FA1E-4C07-9D17-0C77E93D9764}"
EndProject
Project("{8BC9CEB8-8B4A-11D0-8D11-00A0C91BC942}") = "pssse3_vs2019_sse3_XP", "period_search_optimization_sse3\pssse3_vs2019_sse3_XP.vcxproj", "{B02D51EC-ED1A-4DD3-B2A8-A6D46B408D09}"
EndProject
Project("{2150E333-8FDC-42A3-9474-1A3956D46DE8}") = "period_search_pure_cpu_win", "period_search_pure_cpu_win", "{EAF2B9B5-A3E5-4F0F-8EAE-6DFF49B6B152}"
EndProject
Project("{8BC9CEB8-8B4A-11D0-8D11-00A0C91BC942}") = "pspurecpu_vs2015", "period_search_pure_cpu_win\pspurecpu_vs2015.vcxproj", "{72CFD1B9-D8C6-430A-90EC-77336EB214BF}"
EndProject
Project("{2150E333-8FDC-42A3-9474-1A3956D46DE8}") = "validator", "validator", "{2829F60E-0023-4599-92DF-5643284DE463}"
	ProjectSection(SolutionItems) = preProject
		validator\period_search_validator.cpp = validator\period_search_validator.cpp
		validator\period_search_validator2.cpp = validator\period_search_validator2.cpp
		validator\period_search_validator3.cpp = validator\period_search_validator3.cpp
		validator\period_search_validator4.cpp = validator\period_search_validator4.cpp
	EndProjectSection
EndProject
Project("{2150E333-8FDC-42A3-9474-1A3956D46DE8}") = "graphic_app", "graphic_app", "{CF6C2DBB-FF9A-4C93-A9D1-9A9D18C7B2AD}"
EndProject
Project("{8BC9CEB8-8B4A-11D0-8D11-00A0C91BC942}") = "ps_graphics", "graphic_app\ps_graphics_vs2019.vcxproj", "{3CF31288-A44D-4C78-A3AA-B05B6E32DF11}"
EndProject
Project("{8BC9CEB8-8B4A-11D0-8D11-00A0C91BC942}") = "pscuda_12_0", "period_search_cuda\pscuda_12_0.vcxproj", "{2F92DCB3-5B07-4041-BC24-34399FB3480D}"
EndProject
Global
	GlobalSection(SolutionConfigurationPlatforms) = preSolution
		Debug_7|x64 = Debug_7|x64
		Debug_7|x86 = Debug_7|x86
		Debug_8_1|x64 = Debug_8_1|x64
		Debug_8_1|x86 = Debug_8_1|x86
		Debug_dll|x64 = Debug_dll|x64
		Debug_dll|x86 = Debug_dll|x86
		Debug|x64 = Debug|x64
		Debug|x86 = Debug|x86
		Release_7|x64 = Release_7|x64
		Release_7|x86 = Release_7|x86
		Release_8_1|x64 = Release_8_1|x64
		Release_8_1|x86 = Release_8_1|x86
		Release|x64 = Release|x64
		Release|x86 = Release|x86
		Remote Debug|x64 = Remote Debug|x64
		Remote Debug|x86 = Remote Debug|x86
	EndGlobalSection
	GlobalSection(ProjectConfigurationPlatforms) = postSolution
		{91667A4A-DA49-4CF7-949B-A8C6FA174432}.Debug_7|x64.ActiveCfg = Debug_7|x64
		{91667A4A-DA49-4CF7-949B-A8C6FA174432}.Debug_7|x64.Build.0 = Debug_7|x64
		{91667A4A-DA49-4CF7-949B-A8C6FA174432}.Debug_7|x86.ActiveCfg = Debug_7|Win32
		{91667A4A-DA49-4CF7-949B-A8C6FA174432}.Debug_7|x86.Build.0 = Debug_7|Win32
		{91667A4A-DA49-4CF7-949B-A8C6FA174432}.Debug_8_1|x64.ActiveCfg = Debug_8_1|x64
		{91667A4A-DA49-4CF7-949B-A8C6FA174432}.Debug_8_1|x64.Build.0 = Debug_8_1|x64
		{91667A4A-DA49-4CF7-949B-A8C6FA174432}.Debug_8_1|x86.ActiveCfg = Debug_8_1|Win32
		{91667A4A-DA49-4CF7-949B-A8C6FA174432}.Debug_8_1|x86.Build.0 = Debug_8_1|Win32
		{91667A4A-DA49-4CF7-949B-A8C6FA174432}.Debug_dll|x64.ActiveCfg = Debug_8_1|x64
		{91667A4A-DA49-4CF7-949B-A8C6FA174432}.Debug_dll|x64.Build.0 = Debug_8_1|x64
		{91667A4A-DA49-4CF7-949B-A8C6FA174432}.Debug_dll|x86.ActiveCfg = Debug_8_1|Win32
		{91667A4A-DA49-4CF7-949B-A8C6FA174432}.Debug_dll|x86.Build.0 = Debug_8_1|Win32
		{91667A4A-DA49-4CF7-949B-A8C6FA174432}.Debug|x64.ActiveCfg = Debug|x64
		{91667A4A-DA49-4CF7-949B-A8C6FA174432}.Debug|x64.Build.0 = Debug|x64
		{91667A4A-DA49-4CF7-949B-A8C6FA174432}.Debug|x86.ActiveCfg = Debug|Win32
		{91667A4A-DA49-4CF7-949B-A8C6FA174432}.Debug|x86.Build.0 = Debug|Win32
		{91667A4A-DA49-4CF7-949B-A8C6FA174432}.Release_7|x64.ActiveCfg = Release_7|x64
		{91667A4A-DA49-4CF7-949B-A8C6FA174432}.Release_7|x64.Build.0 = Release_7|x64
		{91667A4A-DA49-4CF7-949B-A8C6FA174432}.Release_7|x86.ActiveCfg = Release_7|Win32
		{91667A4A-DA49-4CF7-949B-A8C6FA174432}.Release_7|x86.Build.0 = Release_7|Win32
		{91667A4A-DA49-4CF7-949B-A8C6FA174432}.Release_8_1|x64.ActiveCfg = Release_8_1|x64
		{91667A4A-DA49-4CF7-949B-A8C6FA174432}.Release_8_1|x64.Build.0 = Release_8_1|x64
		{91667A4A-DA49-4CF7-949B-A8C6FA174432}.Release_8_1|x86.ActiveCfg = Release_8_1|Win32
		{91667A4A-DA49-4CF7-949B-A8C6FA174432}.Release_8_1|x86.Build.0 = Release_8_1|Win32
		{91667A4A-DA49-4CF7-949B-A8C6FA174432}.Release|x64.ActiveCfg = Release|x64
		{91667A4A-DA49-4CF7-949B-A8C6FA174432}.Release|x64.Build.0 = Release|x64
		{91667A4A-DA49-4CF7-949B-A8C6FA174432}.Release|x86.ActiveCfg = Release|Win32
		{91667A4A-DA49-4CF7-949B-A8C6FA174432}.Release|x86.Build.0 = Release|Win32
		{91667A4A-DA49-4CF7-949B-A8C6FA174432}.Remote Debug|x64.ActiveCfg = Release_8_1|x64
		{91667A4A-DA49-4CF7-949B-A8C6FA174432}.Remote Debug|x64.Build.0 = Release_8_1|x64
		{91667A4A-DA49-4CF7-949B-A8C6FA174432}.Remote Debug|x86.ActiveCfg = Release_8_1|Win32
		{91667A4A-DA49-4CF7-949B-A8C6FA174432}.Remote Debug|x86.Build.0 = Release_8_1|Win32
		{2933B6B4-03EE-49F0-AC8B-C8853FC50F15}.Debug_7|x64.ActiveCfg = Debug_7|x64
		{2933B6B4-03EE-49F0-AC8B-C8853FC50F15}.Debug_7|x64.Build.0 = Debug_7|x64
		{2933B6B4-03EE-49F0-AC8B-C8853FC50F15}.Debug_7|x86.ActiveCfg = Debug_7|Win32
		{2933B6B4-03EE-49F0-AC8B-C8853FC50F15}.Debug_7|x86.Build.0 = Debug_7|Win32
		{2933B6B4-03EE-49F0-AC8B-C8853FC50F15}.Debug_8_1|x64.ActiveCfg = Debug_8_1|x64
		{2933B6B4-03EE-49F0-AC8B-C8853FC50F15}.Debug_8_1|x64.Build.0 = Debug_8_1|x64
		{2933B6B4-03EE-49F0-AC8B-C8853FC50F15}.Debug_8_1|x86.ActiveCfg = Debug_8_1|Win32
		{2933B6B4-03EE-49F0-AC8B-C8853FC50F15}.Debug_8_1|x86.Build.0 = Debug_8_1|Win32
		{2933B6B4-03EE-49F0-AC8B-C8853FC50F15}.Debug_dll|x64.ActiveCfg = Debug_8_1|x64
		{2933B6B4-03EE-49F0-AC8B-C8853FC50F15}.Debug_dll|x64.Build.0 = Debug_8_1|x64
		{2933B6B4-03EE-49F0-AC8B-C8853FC50F15}.Debug_dll|x86.ActiveCfg = Debug_8_1|Win32
		{2933B6B4-03EE-49F0-AC8B-C8853FC50F15}.Debug_dll|x86.Build.0 = Debug_8_1|Win32
		{2933B6B4-03EE-49F0-AC8B-C8853FC50F15}.Debug|x64.ActiveCfg = Debug|x64
		{2933B6B4-03EE-49F0-AC8B-C8853FC50F15}.Debug|x64.Build.0 = Debug|x64
		{2933B6B4-03EE-49F0-AC8B-C8853FC50F15}.Debug|x86.ActiveCfg = Debug|Win32
		{2933B6B4-03EE-49F0-AC8B-C8853FC50F15}.Debug|x86.Build.0 = Debug|Win32
		{2933B6B4-03EE-49F0-AC8B-C8853FC50F15}.Release_7|x64.ActiveCfg = Release_7|x64
		{2933B6B4-03EE-49F0-AC8B-C8853FC50F15}.Release_7|x64.Build.0 = Release_7|x64
		{2933B6B4-03EE-49F0-AC8B-C8853FC50F15}.Release_7|x86.ActiveCfg = Release_7|Win32
		{2933B6B4-03EE-49F0-AC8B-C8853FC50F15}.Release_7|x86.Build.0 = Release_7|Win32
		{2933B6B4-03EE-49F0-AC8B-C8853FC50F15}.Release_8_1|x64.ActiveCfg = Release_8_1|x64
		{2933B6B4-03EE-49F0-AC8B-C8853FC50F15}.Release_8_1|x64.Build.0 = Release_8_1|x64
		{2933B6B4-03EE-49F0-AC8B-C8853FC50F15}.Release_8_1|x86.ActiveCfg = Release_8_1|Win32
		{2933B6B4-03EE-49F0-AC8B-C8853FC50F15}.Release_8_1|x86.Build.0 = Release_8_1|Win32
		{2933B6B4-03EE-49F0-AC8B-C8853FC50F15}.Release|x64.ActiveCfg = Release|x64
		{2933B6B4-03EE-49F0-AC8B-C8853FC50F15}.Release|x64.Build.0 = Release|x64
		{2933B6B4-03EE-49F0-AC8B-C8853FC50F15}.Release|x86.ActiveCfg = Release|Win32
		{2933B6B4-03EE-49F0-AC8B-C8853FC50F15}.Release|x86.Build.0 = Release|Win32
		{2933B6B4-03EE-49F0-AC8B-C8853FC50F15}.Remote Debug|x64.ActiveCfg = Release_8_1|x64
		{2933B6B4-03EE-49F0-AC8B-C8853FC50F15}.Remote Debug|x64.Build.0 = Release_8_1|x64
		{2933B6B4-03EE-49F0-AC8B-C8853FC50F15}.Remote Debug|x86.ActiveCfg = Release_8_1|Win32
		{2933B6B4-03EE-49F0-AC8B-C8853FC50F15}.Remote Debug|x86.Build.0 = Release_8_1|Win32
		{A951F6EF-E3DD-4FBE-8A91-87F53D6CA18B}.Debug_7|x64.ActiveCfg = Debug_7|x64
		{A951F6EF-E3DD-4FBE-8A91-87F53D6CA18B}.Debug_7|x64.Build.0 = Debug_7|x64
		{A951F6EF-E3DD-4FBE-8A91-87F53D6CA18B}.Debug_7|x86.ActiveCfg = Debug_7|Win32
		{A951F6EF-E3DD-4FBE-8A91-87F53D6CA18B}.Debug_7|x86.Build.0 = Debug_7|Win32
		{A951F6EF-E3DD-4FBE-8A91-87F53D6CA18B}.Debug_8_1|x64.ActiveCfg = Debug_8_1|x64
		{A951F6EF-E3DD-4FBE-8A91-87F53D6CA18B}.Debug_8_1|x64.Build.0 = Debug_8_1|x64
		{A951F6EF-E3DD-4FBE-8A91-87F53D6CA18B}.Debug_8_1|x86.ActiveCfg = Debug_8_1|Win32
		{A951F6EF-E3DD-4FBE-8A91-87F53D6CA18B}.Debug_8_1|x86.Build.0 = Debug_8_1|Win32
		{A951F6EF-E3DD-4FBE-8A91-87F53D6CA18B}.Debug_dll|x64.ActiveCfg = Debug_8_1|x64
		{A951F6EF-E3DD-4FBE-8A91-87F53D6CA18B}.Debug_dll|x64.Build.0 = Debug_8_1|x64
		{A951F6EF-E3DD-4FBE-8A91-87F53D6CA18B}.Debug_dll|x86.ActiveCfg = Debug_8_1|Win32
		{A951F6EF-E3DD-4FBE-8A91-87F53D6CA18B}.Debug_dll|x86.Build.0 = Debug_8_1|Win32
		{A951F6EF-E3DD-4FBE-8A91-87F53D6CA18B}.Debug|x64.ActiveCfg = Debug|x64
		{A951F6EF-E3DD-4FBE-8A91-87F53D6CA18B}.Debug|x64.Build.0 = Debug|x64
		{A951F6EF-E3DD-4FBE-8A91-87F53D6CA18B}.Debug|x86.ActiveCfg = Debug|Win32
		{A951F6EF-E3DD-4FBE-8A91-87F53D6CA18B}.Debug|x86.Build.0 = Debug|Win32
		{A951F6EF-E3DD-4FBE-8A91-87F53D6CA18B}.Release_7|x64.ActiveCfg = Release_7|x64
		{A951F6EF-E3DD-4FBE-8A91-87F53D6CA18B}.Release_7|x64.Build.0 = Release_7|x64
		{A951F6EF-E3DD-4FBE-8A91-87F53D6CA18B}.Release_7|x86.ActiveCfg = Release_7|Win32
		{A951F6EF-E3DD-4FBE-8A91-87F53D6CA18B}.Release_7|x86.Build.0 = Release_7|Win32
		{A951F6EF-E3DD-4FBE-8A91-87F53D6CA18B}.Release_8_1|x64.ActiveCfg = Release_8_1|x64
		{A951F6EF-E3DD-4FBE-8A91-87F53D6CA18B}.Release_8_1|x64.Build.0 = Release_8_1|x64
		{A951F6EF-E3DD-4FBE-8A91-87F53D6CA18B}.Release_8_1|x86.ActiveCfg = Release_8_1|Win32
		{A951F6EF-E3DD-4FBE-8A91-87F53D6CA18B}.Release_8_1|x86.Build.0 = Release_8_1|Win32
		{A951F6EF-E3DD-4FBE-8A91-87F53D6CA18B}.Release|x64.ActiveCfg = Release|x64
		{A951F6EF-E3DD-4FBE-8A91-87F53D6CA18B}.Release|x64.Build.0 = Release|x64
		{A951F6EF-E3DD-4FBE-8A91-87F53D6CA18B}.Release|x86.ActiveCfg = Release|Win32
		{A951F6EF-E3DD-4FBE-8A91-87F53D6CA18B}.Release|x86.Build.0 = Release|Win32
		{A951F6EF-E3DD-4FBE-8A91-87F53D6CA18B}.Remote Debug|x64.ActiveCfg = Release_8_1|x64
		{A951F6EF-E3DD-4FBE-8A91-87F53D6CA18B}.Remote Debug|x64.Build.0 = Release_8_1|x64
		{A951F6EF-E3DD-4FBE-8A91-87F53D6CA18B}.Remote Debug|x86.ActiveCfg = Release_8_1|Win32
		{A951F6EF-E3DD-4FBE-8A91-87F53D6CA18B}.Remote Debug|x86.Build.0 = Release_8_1|Win32
		{7A214B61-D6A2-4D39-B889-49176EB67CFA}.Debug_7|x64.ActiveCfg = Debug_7|x64
		{7A214B61-D6A2-4D39-B889-49176EB67CFA}.Debug_7|x64.Build.0 = Debug_7|x64
		{7A214B61-D6A2-4D39-B889-49176EB67CFA}.Debug_7|x86.ActiveCfg = Debug_7|Win32
		{7A214B61-D6A2-4D39-B889-49176EB67CFA}.Debug_7|x86.Build.0 = Debug_7|Win32
		{7A214B61-D6A2-4D39-B889-49176EB67CFA}.Debug_8_1|x64.ActiveCfg = Debug_8_1|x64
		{7A214B61-D6A2-4D39-B889-49176EB67CFA}.Debug_8_1|x64.Build.0 = Debug_8_1|x64
		{7A214B61-D6A2-4D39-B889-49176EB67CFA}.Debug_8_1|x86.ActiveCfg = Debug_8_1|Win32
		{7A214B61-D6A2-4D39-B889-49176EB67CFA}.Debug_8_1|x86.Build.0 = Debug_8_1|Win32
		{7A214B61-D6A2-4D39-B889-49176EB67CFA}.Debug_dll|x64.ActiveCfg = Debug_8_1|x64
		{7A214B61-D6A2-4D39-B889-49176EB67CFA}.Debug_dll|x64.Build.0 = Debug_8_1|x64
		{7A214B61-D6A2-4D39-B889-49176EB67CFA}.Debug_dll|x86.ActiveCfg = Debug_8_1|Win32
		{7A214B61-D6A2-4D39-B889-49176EB67CFA}.Debug_dll|x86.Build.0 = Debug_8_1|Win32
		{7A214B61-D6A2-4D39-B889-49176EB67CFA}.Debug|x64.ActiveCfg = Debug|x64
		{7A214B61-D6A2-4D39-B889-49176EB67CFA}.Debug|x64.Build.0 = Debug|x64
		{7A214B61-D6A2-4D39-B889-49176EB67CFA}.Debug|x86.ActiveCfg = Debug|Win32
		{7A214B61-D6A2-4D39-B889-49176EB67CFA}.Debug|x86.Build.0 = Debug|Win32
		{7A214B61-D6A2-4D39-B889-49176EB67CFA}.Release_7|x64.ActiveCfg = Release_7|x64
		{7A214B61-D6A2-4D39-B889-49176EB67CFA}.Release_7|x64.Build.0 = Release_7|x64
		{7A214B61-D6A2-4D39-B889-49176EB67CFA}.Release_7|x86.ActiveCfg = Release_7|Win32
		{7A214B61-D6A2-4D39-B889-49176EB67CFA}.Release_7|x86.Build.0 = Release_7|Win32
		{7A214B61-D6A2-4D39-B889-49176EB67CFA}.Release_8_1|x64.ActiveCfg = Release_8_1|x64
		{7A214B61-D6A2-4D39-B889-49176EB67CFA}.Release_8_1|x64.Build.0 = Release_8_1|x64
		{7A214B61-D6A2-4D39-B889-49176EB67CFA}.Release_8_1|x86.ActiveCfg = Release_8_1|Win32
		{7A214B61-D6A2-4D39-B889-49176EB67CFA}.Release_8_1|x86.Build.0 = Release_8_1|Win32
		{7A214B61-D6A2-4D39-B889-49176EB67CFA}.Release|x64.ActiveCfg = Release|x64
		{7A214B61-D6A2-4D39-B889-49176EB67CFA}.Release|x64.Build.0 = Release|x64
		{7A214B61-D6A2-4D39-B889-49176EB67CFA}.Release|x86.ActiveCfg = Release|Win32
		{7A214B61-D6A2-4D39-B889-49176EB67CFA}.Release|x86.Build.0 = Release|Win32
		{7A214B61-D6A2-4D39-B889-49176EB67CFA}.Remote Debug|x64.ActiveCfg = Release_8_1|x64
		{7A214B61-D6A2-4D39-B889-49176EB67CFA}.Remote Debug|x64.Build.0 = Release_8_1|x64
		{7A214B61-D6A2-4D39-B889-49176EB67CFA}.Remote Debug|x86.ActiveCfg = Release_8_1|Win32
		{7A214B61-D6A2-4D39-B889-49176EB67CFA}.Remote Debug|x86.Build.0 = Release_8_1|Win32
		{DEFE7518-DFDA-4070-B482-BBA4BD73F1AF}.Debug_7|x64.ActiveCfg = Debug|x64
		{DEFE7518-DFDA-4070-B482-BBA4BD73F1AF}.Debug_7|x64.Build.0 = Debug|x64
		{DEFE7518-DFDA-4070-B482-BBA4BD73F1AF}.Debug_7|x86.ActiveCfg = Debug|Win32
		{DEFE7518-DFDA-4070-B482-BBA4BD73F1AF}.Debug_7|x86.Build.0 = Debug|Win32
		{DEFE7518-DFDA-4070-B482-BBA4BD73F1AF}.Debug_8_1|x64.ActiveCfg = Debug|x64
		{DEFE7518-DFDA-4070-B482-BBA4BD73F1AF}.Debug_8_1|x64.Build.0 = Debug|x64
		{DEFE7518-DFDA-4070-B482-BBA4BD73F1AF}.Debug_8_1|x86.ActiveCfg = Debug|Win32
		{DEFE7518-DFDA-4070-B482-BBA4BD73F1AF}.Debug_8_1|x86.Build.0 = Debug|Win32
		{DEFE7518-DFDA-4070-B482-BBA4BD73F1AF}.Debug_dll|x64.ActiveCfg = Debug|x64
		{DEFE7518-DFDA-4070-B482-BBA4BD73F1AF}.Debug_dll|x64.Build.0 = Debug|x64
		{DEFE7518-DFDA-4070-B482-BBA4BD73F1AF}.Debug_dll|x86.ActiveCfg = Debug|Win32
		{DEFE7518-DFDA-4070-B482-BBA4BD73F1AF}.Debug_dll|x86.Build.0 = Debug|Win32
		{DEFE7518-DFDA-4070-B482-BBA4BD73F1AF}.Debug|x64.ActiveCfg = Debug|x64
		{DEFE7518-DFDA-4070-B482-BBA4BD73F1AF}.Debug|x64.Build.0 = Debug|x64
		{DEFE7518-DFDA-4070-B482-BBA4BD73F1AF}.Debug|x86.ActiveCfg = Debug|Win32
		{DEFE7518-DFDA-4070-B482-BBA4BD73F1AF}.Debug|x86.Build.0 = Debug|Win32
		{DEFE7518-DFDA-4070-B482-BBA4BD73F1AF}.Release_7|x64.ActiveCfg = Remote Debug|x64
		{DEFE7518-DFDA-4070-B482-BBA4BD73F1AF}.Release_7|x64.Build.0 = Remote Debug|x64
		{DEFE7518-DFDA-4070-B482-BBA4BD73F1AF}.Release_7|x86.ActiveCfg = Remote Debug|Win32
		{DEFE7518-DFDA-4070-B482-BBA4BD73F1AF}.Release_7|x86.Build.0 = Remote Debug|Win32
		{DEFE7518-DFDA-4070-B482-BBA4BD73F1AF}.Release_8_1|x64.ActiveCfg = Remote Debug|x64
		{DEFE7518-DFDA-4070-B482-BBA4BD73F1AF}.Release_8_1|x64.Build.0 = Remote Debug|x64
		{DEFE7518-DFDA-4070-B482-BBA4BD73F1AF}.Release_8_1|x86.ActiveCfg = Remote Debug|Win32
		{DEFE7518-DFDA-4070-B482-BBA4BD73F1AF}.Release_8_1|x86.Build.0 = Remote Debug|Win32
		{DEFE7518-DFDA-4070-B482-BBA4BD73F1AF}.Release|x64.ActiveCfg = Release|x64
		{DEFE7518-DFDA-4070-B482-BBA4BD73F1AF}.Release|x64.Build.0 = Release|x64
		{DEFE7518-DFDA-4070-B482-BBA4BD73F1AF}.Release|x86.ActiveCfg = Release|Win32
		{DEFE7518-DFDA-4070-B482-BBA4BD73F1AF}.Release|x86.Build.0 = Release|Win32
		{DEFE7518-DFDA-4070-B482-BBA4BD73F1AF}.Remote Debug|x64.ActiveCfg = Remote Debug|x64
		{DEFE7518-DFDA-4070-B482-BBA4BD73F1AF}.Remote Debug|x64.Build.0 = Remote Debug|x64
		{DEFE7518-DFDA-4070-B482-BBA4BD73F1AF}.Remote Debug|x86.ActiveCfg = Remote Debug|Win32
		{DEFE7518-DFDA-4070-B482-BBA4BD73F1AF}.Remote Debug|x86.Build.0 = Remote Debug|Win32
		{0CC070F1-36FB-4812-BBEA-039EA230BE85}.Debug_7|x64.ActiveCfg = Debug|x64
		{0CC070F1-36FB-4812-BBEA-039EA230BE85}.Debug_7|x64.Build.0 = Debug|x64
		{0CC070F1-36FB-4812-BBEA-039EA230BE85}.Debug_7|x86.ActiveCfg = Debug|Win32
		{0CC070F1-36FB-4812-BBEA-039EA230BE85}.Debug_7|x86.Build.0 = Debug|Win32
		{0CC070F1-36FB-4812-BBEA-039EA230BE85}.Debug_8_1|x64.ActiveCfg = Debug|x64
		{0CC070F1-36FB-4812-BBEA-039EA230BE85}.Debug_8_1|x64.Build.0 = Debug|x64
		{0CC070F1-36FB-4812-BBEA-039EA230BE85}.Debug_8_1|x86.ActiveCfg = Debug|Win32
		{0CC070F1-36FB-4812-BBEA-039EA230BE85}.Debug_8_1|x86.Build.0 = Debug|Win32
		{0CC070F1-36FB-4812-BBEA-039EA230BE85}.Debug_dll|x64.ActiveCfg = Debug|x64
		{0CC070F1-36FB-4812-BBEA-039EA230BE85}.Debug_dll|x64.Build.0 = Debug|x64
		{0CC070F1-36FB-4812-BBEA-039EA230BE85}.Debug_dll|x86.ActiveCfg = Debug|Win32
		{0CC070F1-36FB-4812-BBEA-039EA230BE85}.Debug_dll|x86.Build.0 = Debug|Win32
		{0CC070F1-36FB-4812-BBEA-039EA230BE85}.Debug|x64.ActiveCfg = Debug|x64
		{0CC070F1-36FB-4812-BBEA-039EA230BE85}.Debug|x64.Build.0 = Debug|x64
		{0CC070F1-36FB-4812-BBEA-039EA230BE85}.Debug|x86.ActiveCfg = Debug|Win32
		{0CC070F1-36FB-4812-BBEA-039EA230BE85}.Debug|x86.Build.0 = Debug|Win32
		{0CC070F1-36FB-4812-BBEA-039EA230BE85}.Release_7|x64.ActiveCfg = Remote Debug|x64
		{0CC070F1-36FB-4812-BBEA-039EA230BE85}.Release_7|x64.Build.0 = Remote Debug|x64
		{0CC070F1-36FB-4812-BBEA-039EA230BE85}.Release_7|x86.ActiveCfg = Remote Debug|Win32
		{0CC070F1-36FB-4812-BBEA-039EA230BE85}.Release_7|x86.Build.0 = Remote Debug|Win32
		{0CC070F1-36FB-4812-BBEA-039EA230BE85}.Release_8_1|x64.ActiveCfg = Remote Debug|x64
		{0CC070F1-36FB-4812-BBEA-039EA230BE85}.Release_8_1|x64.Build.0 = Remote Debug|x64
		{0CC070F1-36FB-4812-BBEA-039EA230BE85}.Release_8_1|x86.ActiveCfg = Remote Debug|Win32
		{0CC070F1-36FB-4812-BBEA-039EA230BE85}.Release_8_1|x86.Build.0 = Remote Debug|Win32
		{0CC070F1-36FB-4812-BBEA-039EA230BE85}.Release|x64.ActiveCfg = Release|x64
		{0CC070F1-36FB-4812-BBEA-039EA230BE85}.Release|x64.Build.0 = Release|x64
		{0CC070F1-36FB-4812-BBEA-039EA230BE85}.Release|x86.ActiveCfg = Release|Win32
		{0CC070F1-36FB-4812-BBEA-039EA230BE85}.Release|x86.Build.0 = Release|Win32
		{0CC070F1-36FB-4812-BBEA-039EA230BE85}.Remote Debug|x64.ActiveCfg = Remote Debug|x64
		{0CC070F1-36FB-4812-BBEA-039EA230BE85}.Remote Debug|x64.Build.0 = Remote Debug|x64
		{0CC070F1-36FB-4812-BBEA-039EA230BE85}.Remote Debug|x86.ActiveCfg = Remote Debug|Win32
		{0CC070F1-36FB-4812-BBEA-039EA230BE85}.Remote Debug|x86.Build.0 = Remote Debug|Win32
		{C2D1BC3F-4270-4E7F-81CA-E86F459F23A4}.Debug_7|x64.ActiveCfg = Debug|x64
		{C2D1BC3F-4270-4E7F-81CA-E86F459F23A4}.Debug_7|x64.Build.0 = Debug|x64
		{C2D1BC3F-4270-4E7F-81CA-E86F459F23A4}.Debug_7|x86.ActiveCfg = Debug|Win32
		{C2D1BC3F-4270-4E7F-81CA-E86F459F23A4}.Debug_7|x86.Build.0 = Debug|Win32
		{C2D1BC3F-4270-4E7F-81CA-E86F459F23A4}.Debug_8_1|x64.ActiveCfg = Debug|x64
		{C2D1BC3F-4270-4E7F-81CA-E86F459F23A4}.Debug_8_1|x64.Build.0 = Debug|x64
		{C2D1BC3F-4270-4E7F-81CA-E86F459F23A4}.Debug_8_1|x86.ActiveCfg = Debug|Win32
		{C2D1BC3F-4270-4E7F-81CA-E86F459F23A4}.Debug_8_1|x86.Build.0 = Debug|Win32
		{C2D1BC3F-4270-4E7F-81CA-E86F459F23A4}.Debug_dll|x64.ActiveCfg = Debug|x64
		{C2D1BC3F-4270-4E7F-81CA-E86F459F23A4}.Debug_dll|x64.Build.0 = Debug|x64
		{C2D1BC3F-4270-4E7F-81CA-E86F459F23A4}.Debug_dll|x86.ActiveCfg = Debug|Win32
		{C2D1BC3F-4270-4E7F-81CA-E86F459F23A4}.Debug_dll|x86.Build.0 = Debug|Win32
		{C2D1BC3F-4270-4E7F-81CA-E86F459F23A4}.Debug|x64.ActiveCfg = Debug|x64
		{C2D1BC3F-4270-4E7F-81CA-E86F459F23A4}.Debug|x64.Build.0 = Debug|x64
		{C2D1BC3F-4270-4E7F-81CA-E86F459F23A4}.Debug|x86.ActiveCfg = Debug|Win32
		{C2D1BC3F-4270-4E7F-81CA-E86F459F23A4}.Debug|x86.Build.0 = Debug|Win32
		{C2D1BC3F-4270-4E7F-81CA-E86F459F23A4}.Release_7|x64.ActiveCfg = Remote Debug|x64
		{C2D1BC3F-4270-4E7F-81CA-E86F459F23A4}.Release_7|x64.Build.0 = Remote Debug|x64
		{C2D1BC3F-4270-4E7F-81CA-E86F459F23A4}.Release_7|x86.ActiveCfg = Remote Debug|Win32
		{C2D1BC3F-4270-4E7F-81CA-E86F459F23A4}.Release_7|x86.Build.0 = Remote Debug|Win32
		{C2D1BC3F-4270-4E7F-81CA-E86F459F23A4}.Release_8_1|x64.ActiveCfg = Remote Debug|x64
		{C2D1BC3F-4270-4E7F-81CA-E86F459F23A4}.Release_8_1|x64.Build.0 = Remote Debug|x64
		{C2D1BC3F-4270-4E7F-81CA-E86F459F23A4}.Release_8_1|x86.ActiveCfg = Remote Debug|Win32
		{C2D1BC3F-4270-4E7F-81CA-E86F459F23A4}.Release_8_1|x86.Build.0 = Remote Debug|Win32
		{C2D1BC3F-4270-4E7F-81CA-E86F459F23A4}.Release|x64.ActiveCfg = Release|x64
		{C2D1BC3F-4270-4E7F-81CA-E86F459F23A4}.Release|x64.Build.0 = Release|x64
		{C2D1BC3F-4270-4E7F-81CA-E86F459F23A4}.Release|x86.ActiveCfg = Release|Win32
		{C2D1BC3F-4270-4E7F-81CA-E86F459F23A4}.Release|x86.Build.0 = Release|Win32
		{C2D1BC3F-4270-4E7F-81CA-E86F459F23A4}.Remote Debug|x64.ActiveCfg = Remote Debug|x64
		{C2D1BC3F-4270-4E7F-81CA-E86F459F23A4}.Remote Debug|x64.Build.0 = Remote Debug|x64
		{C2D1BC3F-4270-4E7F-81CA-E86F459F23A4}.Remote Debug|x86.ActiveCfg = Remote Debug|Win32
		{C2D1BC3F-4270-4E7F-81CA-E86F459F23A4}.Remote Debug|x86.Build.0 = Remote Debug|Win32
		{9E488FB3-AD2B-4D93-B1A9-81C17A13C760}.Debug_7|x64.ActiveCfg = Debug|x64
		{9E488FB3-AD2B-4D93-B1A9-81C17A13C760}.Debug_7|x64.Build.0 = Debug|x64
		{9E488FB3-AD2B-4D93-B1A9-81C17A13C760}.Debug_7|x86.ActiveCfg = Debug|Win32
		{9E488FB3-AD2B-4D93-B1A9-81C17A13C760}.Debug_7|x86.Build.0 = Debug|Win32
		{9E488FB3-AD2B-4D93-B1A9-81C17A13C760}.Debug_8_1|x64.ActiveCfg = Debug|x64
		{9E488FB3-AD2B-4D93-B1A9-81C17A13C760}.Debug_8_1|x64.Build.0 = Debug|x64
		{9E488FB3-AD2B-4D93-B1A9-81C17A13C760}.Debug_8_1|x86.ActiveCfg = Debug|Win32
		{9E488FB3-AD2B-4D93-B1A9-81C17A13C760}.Debug_8_1|x86.Build.0 = Debug|Win32
		{9E488FB3-AD2B-4D93-B1A9-81C17A13C760}.Debug_dll|x64.ActiveCfg = Debug|x64
		{9E488FB3-AD2B-4D93-B1A9-81C17A13C760}.Debug_dll|x64.Build.0 = Debug|x64
		{9E488FB3-AD2B-4D93-B1A9-81C17A13C760}.Debug_dll|x86.ActiveCfg = Debug|Win32
		{9E488FB3-AD2B-4D93-B1A9-81C17A13C760}.Debug_dll|x86.Build.0 = Debug|Win32
		{9E488FB3-AD2B-4D93-B1A9-81C17A13C760}.Debug|x64.ActiveCfg = Debug|x64
		{9E488FB3-AD2B-4D93-B1A9-81C17A13C760}.Debug|x64.Build.0 = Debug|x64
		{9E488FB3-AD2B-4D93-B1A9-81C17A13C760}.Debug|x86.ActiveCfg = Debug|Win32
		{9E488FB3-AD2B-4D93-B1A9-81C17A13C760}.Debug|x86.Build.0 = Debug|Win32
		{9E488FB3-AD2B-4D93-B1A9-81C17A13C760}.Release_7|x64.ActiveCfg = Release|x64
		{9E488FB3-AD2B-4D93-B1A9-81C17A13C760}.Release_7|x64.Build.0 = Release|x64
		{9E488FB3-AD2B-4D93-B1A9-81C17A13C760}.Release_7|x86.ActiveCfg = Release|Win32
		{9E488FB3-AD2B-4D93-B1A9-81C17A13C760}.Release_7|x86.Build.0 = Release|Win32
		{9E488FB3-AD2B-4D93-B1A9-81C17A13C760}.Release_8_1|x64.ActiveCfg = Release|x64
		{9E488FB3-AD2B-4D93-B1A9-81C17A13C760}.Release_8_1|x64.Build.0 = Release|x64
		{9E488FB3-AD2B-4D93-B1A9-81C17A13C760}.Release_8_1|x86.ActiveCfg = Release|Win32
		{9E488FB3-AD2B-4D93-B1A9-81C17A13C760}.Release_8_1|x86.Build.0 = Release|Win32
		{9E488FB3-AD2B-4D93-B1A9-81C17A13C760}.Release|x64.ActiveCfg = Release|x64
		{9E488FB3-AD2B-4D93-B1A9-81C17A13C760}.Release|x64.Build.0 = Release|x64
		{9E488FB3-AD2B-4D93-B1A9-81C17A13C760}.Release|x86.ActiveCfg = Release|Win32
		{9E488FB3-AD2B-4D93-B1A9-81C17A13C760}.Release|x86.Build.0 = Release|Win32
		{9E488FB3-AD2B-4D93-B1A9-81C17A13C760}.Remote Debug|x64.ActiveCfg = Release|x64
		{9E488FB3-AD2B-4D93-B1A9-81C17A13C760}.Remote Debug|x64.Build.0 = Release|x64
		{9E488FB3-AD2B-4D93-B1A9-81C17A13C760}.Remote Debug|x86.ActiveCfg = Release|Win32
		{9E488FB3-AD2B-4D93-B1A9-81C17A13C760}.Remote Debug|x86.Build.0 = Release|Win32
		{E9B5A1C9-8617-4CE5-980B-6FD8FE7F66A8}.Debug_7|x64.ActiveCfg = Debug|x64
		{E9B5A1C9-8617-4CE5-980B-6FD8FE7F66A8}.Debug_7|x64.Build.0 = Debug|x64
		{E9B5A1C9-8617-4CE5-980B-6FD8FE7F66A8}.Debug_7|x86.ActiveCfg = Debug|Win32
		{E9B5A1C9-8617-4CE5-980B-6FD8FE7F66A8}.Debug_7|x86.Build.0 = Debug|Win32
		{E9B5A1C9-8617-4CE5-980B-6FD8FE7F66A8}.Debug_8_1|x64.ActiveCfg = Debug|x64
		{E9B5A1C9-8617-4CE5-980B-6FD8FE7F66A8}.Debug_8_1|x64.Build.0 = Debug|x64
		{E9B5A1C9-8617-4CE5-980B-6FD8FE7F66A8}.Debug_8_1|x86.ActiveCfg = Debug|Win32
		{E9B5A1C9-8617-4CE5-980B-6FD8FE7F66A8}.Debug_8_1|x86.Build.0 = Debug|Win32
		{E9B5A1C9-8617-4CE5-980B-6FD8FE7F66A8}.Debug_dll|x64.ActiveCfg = Debug|x64
		{E9B5A1C9-8617-4CE5-980B-6FD8FE7F66A8}.Debug_dll|x64.Build.0 = Debug|x64
		{E9B5A1C9-8617-4CE5-980B-6FD8FE7F66A8}.Debug_dll|x86.ActiveCfg = Debug|Win32
		{E9B5A1C9-8617-4CE5-980B-6FD8FE7F66A8}.Debug_dll|x86.Build.0 = Debug|Win32
		{E9B5A1C9-8617-4CE5-980B-6FD8FE7F66A8}.Debug|x64.ActiveCfg = Debug|x64
		{E9B5A1C9-8617-4CE5-980B-6FD8FE7F66A8}.Debug|x64.Build.0 = Debug|x64
		{E9B5A1C9-8617-4CE5-980B-6FD8FE7F66A8}.Debug|x86.ActiveCfg = Debug|Win32
		{E9B5A1C9-8617-4CE5-980B-6FD8FE7F66A8}.Debug|x86.Build.0 = Debug|Win32
		{E9B5A1C9-8617-4CE5-980B-6FD8FE7F66A8}.Release_7|x64.ActiveCfg = Release|x64
		{E9B5A1C9-8617-4CE5-980B-6FD8FE7F66A8}.Release_7|x64.Build.0 = Release|x64
		{E9B5A1C9-8617-4CE5-980B-6FD8FE7F66A8}.Release_7|x86.ActiveCfg = Release|Win32
		{E9B5A1C9-8617-4CE5-980B-6FD8FE7F66A8}.Release_7|x86.Build.0 = Release|Win32
		{E9B5A1C9-8617-4CE5-980B-6FD8FE7F66A8}.Release_8_1|x64.ActiveCfg = Release|x64
		{E9B5A1C9-8617-4CE5-980B-6FD8FE7F66A8}.Release_8_1|x64.Build.0 = Release|x64
		{E9B5A1C9-8617-4CE5-980B-6FD8FE7F66A8}.Release_8_1|x86.ActiveCfg = Release|Win32
		{E9B5A1C9-8617-4CE5-980B-6FD8FE7F66A8}.Release_8_1|x86.Build.0 = Release|Win32
		{E9B5A1C9-8617-4CE5-980B-6FD8FE7F66A8}.Release|x64.ActiveCfg = Release|x64
		{E9B5A1C9-8617-4CE5-980B-6FD8FE7F66A8}.Release|x64.Build.0 = Release|x64
		{E9B5A1C9-8617-4CE5-980B-6FD8FE7F66A8}.Release|x86.ActiveCfg = Release|Win32
		{E9B5A1C9-8617-4CE5-980B-6FD8FE7F66A8}.Release|x86.Build.0 = Release|Win32
		{E9B5A1C9-8617-4CE5-980B-6FD8FE7F66A8}.Remote Debug|x64.ActiveCfg = Release|x64
		{E9B5A1C9-8617-4CE5-980B-6FD8FE7F66A8}.Remote Debug|x64.Build.0 = Release|x64
		{E9B5A1C9-8617-4CE5-980B-6FD8FE7F66A8}.Remote Debug|x86.ActiveCfg = Release|Win32
		{E9B5A1C9-8617-4CE5-980B-6FD8FE7F66A8}.Remote Debug|x86.Build.0 = Release|Win32
		{B24F4F95-97D5-49BF-8A76-5F66E4AF3998}.Debug_7|x64.ActiveCfg = Debug|x64
		{B24F4F95-97D5-49BF-8A76-5F66E4AF3998}.Debug_7|x64.Build.0 = Debug|x64
		{B24F4F95-97D5-49BF-8A76-5F66E4AF3998}.Debug_7|x86.ActiveCfg = Debug|Win32
		{B24F4F95-97D5-49BF-8A76-5F66E4AF3998}.Debug_7|x86.Build.0 = Debug|Win32
		{B24F4F95-97D5-49BF-8A76-5F66E4AF3998}.Debug_8_1|x64.ActiveCfg = Debug|x64
		{B24F4F95-97D5-49BF-8A76-5F66E4AF3998}.Debug_8_1|x64.Build.0 = Debug|x64
		{B24F4F95-97D5-49BF-8A76-5F66E4AF3998}.Debug_8_1|x86.ActiveCfg = Debug|Win32
		{B24F4F95-97D5-49BF-8A76-5F66E4AF3998}.Debug_8_1|x86.Build.0 = Debug|Win32
		{B24F4F95-97D5-49BF-8A76-5F66E4AF3998}.Debug_dll|x64.ActiveCfg = Debug|x64
		{B24F4F95-97D5-49BF-8A76-5F66E4AF3998}.Debug_dll|x64.Build.0 = Debug|x64
		{B24F4F95-97D5-49BF-8A76-5F66E4AF3998}.Debug_dll|x86.ActiveCfg = Debug|Win32
		{B24F4F95-97D5-49BF-8A76-5F66E4AF3998}.Debug_dll|x86.Build.0 = Debug|Win32
		{B24F4F95-97D5-49BF-8A76-5F66E4AF3998}.Debug|x64.ActiveCfg = Debug|x64
		{B24F4F95-97D5-49BF-8A76-5F66E4AF3998}.Debug|x64.Build.0 = Debug|x64
		{B24F4F95-97D5-49BF-8A76-5F66E4AF3998}.Debug|x86.ActiveCfg = Debug|Win32
		{B24F4F95-97D5-49BF-8A76-5F66E4AF3998}.Debug|x86.Build.0 = Debug|Win32
		{B24F4F95-97D5-49BF-8A76-5F66E4AF3998}.Release_7|x64.ActiveCfg = Release|x64
		{B24F4F95-97D5-49BF-8A76-5F66E4AF3998}.Release_7|x64.Build.0 = Release|x64
		{B24F4F95-97D5-49BF-8A76-5F66E4AF3998}.Release_7|x86.ActiveCfg = Release|Win32
		{B24F4F95-97D5-49BF-8A76-5F66E4AF3998}.Release_7|x86.Build.0 = Release|Win32
		{B24F4F95-97D5-49BF-8A76-5F66E4AF3998}.Release_8_1|x64.ActiveCfg = Release|x64
		{B24F4F95-97D5-49BF-8A76-5F66E4AF3998}.Release_8_1|x64.Build.0 = Release|x64
		{B24F4F95-97D5-49BF-8A76-5F66E4AF3998}.Release_8_1|x86.ActiveCfg = Release|Win32
		{B24F4F95-97D5-49BF-8A76-5F66E4AF3998}.Release_8_1|x86.Build.0 = Release|Win32
		{B24F4F95-97D5-49BF-8A76-5F66E4AF3998}.Release|x64.ActiveCfg = Release|x64
		{B24F4F95-97D5-49BF-8A76-5F66E4AF3998}.Release|x64.Build.0 = Release|x64
		{B24F4F95-97D5-49BF-8A76-5F66E4AF3998}.Release|x86.ActiveCfg = Release|Win32
		{B24F4F95-97D5-49BF-8A76-5F66E4AF3998}.Release|x86.Build.0 = Release|Win32
		{B24F4F95-97D5-49BF-8A76-5F66E4AF3998}.Remote Debug|x64.ActiveCfg = Release|x64
		{B24F4F95-97D5-49BF-8A76-5F66E4AF3998}.Remote Debug|x64.Build.0 = Release|x64
		{B24F4F95-97D5-49BF-8A76-5F66E4AF3998}.Remote Debug|x86.ActiveCfg = Release|Win32
		{B24F4F95-97D5-49BF-8A76-5F66E4AF3998}.Remote Debug|x86.Build.0 = Release|Win32
		{1CA83AD6-74C5-4270-AD7C-FFDE62ACD843}.Debug_7|x64.ActiveCfg = Debug|x64
		{1CA83AD6-74C5-4270-AD7C-FFDE62ACD843}.Debug_7|x64.Build.0 = Debug|x64
		{1CA83AD6-74C5-4270-AD7C-FFDE62ACD843}.Debug_7|x86.ActiveCfg = Debug|Win32
		{1CA83AD6-74C5-4270-AD7C-FFDE62ACD843}.Debug_7|x86.Build.0 = Debug|Win32
		{1CA83AD6-74C5-4270-AD7C-FFDE62ACD843}.Debug_8_1|x64.ActiveCfg = Debug|x64
		{1CA83AD6-74C5-4270-AD7C-FFDE62ACD843}.Debug_8_1|x64.Build.0 = Debug|x64
		{1CA83AD6-74C5-4270-AD7C-FFDE62ACD843}.Debug_8_1|x86.ActiveCfg = Debug|Win32
		{1CA83AD6-74C5-4270-AD7C-FFDE62ACD843}.Debug_8_1|x86.Build.0 = Debug|Win32
		{1CA83AD6-74C5-4270-AD7C-FFDE62ACD843}.Debug_dll|x64.ActiveCfg = Debug|x64
		{1CA83AD6-74C5-4270-AD7C-FFDE62ACD843}.Debug_dll|x64.Build.0 = Debug|x64
		{1CA83AD6-74C5-4270-AD7C-FFDE62ACD843}.Debug_dll|x86.ActiveCfg = Debug|Win32
		{1CA83AD6-74C5-4270-AD7C-FFDE62ACD843}.Debug_dll|x86.Build.0 = Debug|Win32
		{1CA83AD6-74C5-4270-AD7C-FFDE62ACD843}.Debug|x64.ActiveCfg = Debug|x64
		{1CA83AD6-74C5-4270-AD7C-FFDE62ACD843}.Debug|x64.Build.0 = Debug|x64
		{1CA83AD6-74C5-4270-AD7C-FFDE62ACD843}.Debug|x86.ActiveCfg = Debug|Win32
		{1CA83AD6-74C5-4270-AD7C-FFDE62ACD843}.Debug|x86.Build.0 = Debug|Win32
		{1CA83AD6-74C5-4270-AD7C-FFDE62ACD843}.Release_7|x64.ActiveCfg = Release|x64
		{1CA83AD6-74C5-4270-AD7C-FFDE62ACD843}.Release_7|x64.Build.0 = Release|x64
		{1CA83AD6-74C5-4270-AD7C-FFDE62ACD843}.Release_7|x86.ActiveCfg = Release|Win32
		{1CA83AD6-74C5-4270-AD7C-FFDE62ACD843}.Release_7|x86.Build.0 = Release|Win32
		{1CA83AD6-74C5-4270-AD7C-FFDE62ACD843}.Release_8_1|x64.ActiveCfg = Release|x64
		{1CA83AD6-74C5-4270-AD7C-FFDE62ACD843}.Release_8_1|x64.Build.0 = Release|x64
		{1CA83AD6-74C5-4270-AD7C-FFDE62ACD843}.Release_8_1|x86.ActiveCfg = Release|Win32
		{1CA83AD6-74C5-4270-AD7C-FFDE62ACD843}.Release_8_1|x86.Build.0 = Release|Win32
		{1CA83AD6-74C5-4270-AD7C-FFDE62ACD843}.Release|x64.ActiveCfg = Release|x64
		{1CA83AD6-74C5-4270-AD7C-FFDE62ACD843}.Release|x64.Build.0 = Release|x64
		{1CA83AD6-74C5-4270-AD7C-FFDE62ACD843}.Release|x86.ActiveCfg = Release|Win32
		{1CA83AD6-74C5-4270-AD7C-FFDE62ACD843}.Release|x86.Build.0 = Release|Win32
		{1CA83AD6-74C5-4270-AD7C-FFDE62ACD843}.Remote Debug|x64.ActiveCfg = Release|x64
		{1CA83AD6-74C5-4270-AD7C-FFDE62ACD843}.Remote Debug|x64.Build.0 = Release|x64
		{1CA83AD6-74C5-4270-AD7C-FFDE62ACD843}.Remote Debug|x86.ActiveCfg = Release|Win32
		{1CA83AD6-74C5-4270-AD7C-FFDE62ACD843}.Remote Debug|x86.Build.0 = Release|Win32
		{66FE013E-2581-41FA-BB9B-87C9A71640C3}.Debug_7|x64.ActiveCfg = Debug_7|x64
		{66FE013E-2581-41FA-BB9B-87C9A71640C3}.Debug_7|x64.Build.0 = Debug_7|x64
		{66FE013E-2581-41FA-BB9B-87C9A71640C3}.Debug_7|x86.ActiveCfg = Debug_7|Win32
		{66FE013E-2581-41FA-BB9B-87C9A71640C3}.Debug_7|x86.Build.0 = Debug_7|Win32
		{66FE013E-2581-41FA-BB9B-87C9A71640C3}.Debug_8_1|x64.ActiveCfg = Debug_7|x64
		{66FE013E-2581-41FA-BB9B-87C9A71640C3}.Debug_8_1|x64.Build.0 = Debug_7|x64
		{66FE013E-2581-41FA-BB9B-87C9A71640C3}.Debug_8_1|x86.ActiveCfg = Debug_7|Win32
		{66FE013E-2581-41FA-BB9B-87C9A71640C3}.Debug_8_1|x86.Build.0 = Debug_7|Win32
		{66FE013E-2581-41FA-BB9B-87C9A71640C3}.Debug_dll|x64.ActiveCfg = Debug_7|x64
		{66FE013E-2581-41FA-BB9B-87C9A71640C3}.Debug_dll|x64.Build.0 = Debug_7|x64
		{66FE013E-2581-41FA-BB9B-87C9A71640C3}.Debug_dll|x86.ActiveCfg = Debug_7|Win32
		{66FE013E-2581-41FA-BB9B-87C9A71640C3}.Debug_dll|x86.Build.0 = Debug_7|Win32
		{66FE013E-2581-41FA-BB9B-87C9A71640C3}.Debug|x64.ActiveCfg = Debug|x64
		{66FE013E-2581-41FA-BB9B-87C9A71640C3}.Debug|x64.Build.0 = Debug|x64
		{66FE013E-2581-41FA-BB9B-87C9A71640C3}.Debug|x86.ActiveCfg = Debug|Win32
		{66FE013E-2581-41FA-BB9B-87C9A71640C3}.Debug|x86.Build.0 = Debug|Win32
		{66FE013E-2581-41FA-BB9B-87C9A71640C3}.Release_7|x64.ActiveCfg = Release_7|x64
		{66FE013E-2581-41FA-BB9B-87C9A71640C3}.Release_7|x64.Build.0 = Release_7|x64
		{66FE013E-2581-41FA-BB9B-87C9A71640C3}.Release_7|x86.ActiveCfg = Release_7|Win32
		{66FE013E-2581-41FA-BB9B-87C9A71640C3}.Release_7|x86.Build.0 = Release_7|Win32
		{66FE013E-2581-41FA-BB9B-87C9A71640C3}.Release_8_1|x64.ActiveCfg = Release_7|x64
		{66FE013E-2581-41FA-BB9B-87C9A71640C3}.Release_8_1|x64.Build.0 = Release_7|x64
		{66FE013E-2581-41FA-BB9B-87C9A71640C3}.Release_8_1|x86.ActiveCfg = Release_7|Win32
		{66FE013E-2581-41FA-BB9B-87C9A71640C3}.Release_8_1|x86.Build.0 = Release_7|Win32
		{66FE013E-2581-41FA-BB9B-87C9A71640C3}.Release|x64.ActiveCfg = Release|x64
		{66FE013E-2581-41FA-BB9B-87C9A71640C3}.Release|x64.Build.0 = Release|x64
		{66FE013E-2581-41FA-BB9B-87C9A71640C3}.Release|x86.ActiveCfg = Release|Win32
		{66FE013E-2581-41FA-BB9B-87C9A71640C3}.Release|x86.Build.0 = Release|Win32
		{66FE013E-2581-41FA-BB9B-87C9A71640C3}.Remote Debug|x64.ActiveCfg = Release_7|x64
		{66FE013E-2581-41FA-BB9B-87C9A71640C3}.Remote Debug|x64.Build.0 = Release_7|x64
		{66FE013E-2581-41FA-BB9B-87C9A71640C3}.Remote Debug|x86.ActiveCfg = Release_7|Win32
		{66FE013E-2581-41FA-BB9B-87C9A71640C3}.Remote Debug|x86.Build.0 = Release_7|Win32
		{20569776-4852-41C7-907F-FA8F859BDBBF}.Debug_7|x64.ActiveCfg = Debug|x64
		{20569776-4852-41C7-907F-FA8F859BDBBF}.Debug_7|x64.Build.0 = Debug|x64
		{20569776-4852-41C7-907F-FA8F859BDBBF}.Debug_7|x86.ActiveCfg = Debug|Win32
		{20569776-4852-41C7-907F-FA8F859BDBBF}.Debug_7|x86.Build.0 = Debug|Win32
		{20569776-4852-41C7-907F-FA8F859BDBBF}.Debug_8_1|x64.ActiveCfg = Debug|x64
		{20569776-4852-41C7-907F-FA8F859BDBBF}.Debug_8_1|x64.Build.0 = Debug|x64
		{20569776-4852-41C7-907F-FA8F859BDBBF}.Debug_8_1|x86.ActiveCfg = Debug|Win32
		{20569776-4852-41C7-907F-FA8F859BDBBF}.Debug_8_1|x86.Build.0 = Debug|Win32
		{20569776-4852-41C7-907F-FA8F859BDBBF}.Debug_dll|x64.ActiveCfg = Debug|x64
		{20569776-4852-41C7-907F-FA8F859BDBBF}.Debug_dll|x64.Build.0 = Debug|x64
		{20569776-4852-41C7-907F-FA8F859BDBBF}.Debug_dll|x86.ActiveCfg = Debug|Win32
		{20569776-4852-41C7-907F-FA8F859BDBBF}.Debug_dll|x86.Build.0 = Debug|Win32
		{20569776-4852-41C7-907F-FA8F859BDBBF}.Debug|x64.ActiveCfg = Debug|x64
		{20569776-4852-41C7-907F-FA8F859BDBBF}.Debug|x64.Build.0 = Debug|x64
		{20569776-4852-41C7-907F-FA8F859BDBBF}.Debug|x86.ActiveCfg = Debug|Win32
		{20569776-4852-41C7-907F-FA8F859BDBBF}.Debug|x86.Build.0 = Debug|Win32
		{20569776-4852-41C7-907F-FA8F859BDBBF}.Release_7|x64.ActiveCfg = Release|x64
		{20569776-4852-41C7-907F-FA8F859BDBBF}.Release_7|x64.Build.0 = Release|x64
		{20569776-4852-41C7-907F-FA8F859BDBBF}.Release_7|x86.ActiveCfg = Release|Win32
		{20569776-4852-41C7-907F-FA8F859BDBBF}.Release_7|x86.Build.0 = Release|Win32
		{20569776-4852-41C7-907F-FA8F859BDBBF}.Release_8_1|x64.ActiveCfg = Release|x64
		{20569776-4852-41C7-907F-FA8F859BDBBF}.Release_8_1|x64.Build.0 = Release|x64
		{20569776-4852-41C7-907F-FA8F859BDBBF}.Release_8_1|x86.ActiveCfg = Release|Win32
		{20569776-4852-41C7-907F-FA8F859BDBBF}.Release_8_1|x86.Build.0 = Release|Win32
		{20569776-4852-41C7-907F-FA8F859BDBBF}.Release|x64.ActiveCfg = Release|x64
		{20569776-4852-41C7-907F-FA8F859BDBBF}.Release|x64.Build.0 = Release|x64
		{20569776-4852-41C7-907F-FA8F859BDBBF}.Release|x86.ActiveCfg = Release|Win32
		{20569776-4852-41C7-907F-FA8F859BDBBF}.Release|x86.Build.0 = Release|Win32
		{20569776-4852-41C7-907F-FA8F859BDBBF}.Remote Debug|x64.ActiveCfg = Release|x64
		{20569776-4852-41C7-907F-FA8F859BDBBF}.Remote Debug|x64.Build.0 = Release|x64
		{20569776-4852-41C7-907F-FA8F859BDBBF}.Remote Debug|x86.ActiveCfg = Release|Win32
		{20569776-4852-41C7-907F-FA8F859BDBBF}.Remote Debug|x86.Build.0 = Release|Win32
		{1A2F5CE4-ED7F-4884-9D3E-5A7C605E0D74}.Debug_7|x64.ActiveCfg = Debug|x64
		{1A2F5CE4-ED7F-4884-9D3E-5A7C605E0D74}.Debug_7|x64.Build.0 = Debug|x64
		{1A2F5CE4-ED7F-4884-9D3E-5A7C605E0D74}.Debug_7|x86.ActiveCfg = Debug|Win32
		{1A2F5CE4-ED7F-4884-9D3E-5A7C605E0D74}.Debug_7|x86.Build.0 = Debug|Win32
		{1A2F5CE4-ED7F-4884-9D3E-5A7C605E0D74}.Debug_8_1|x64.ActiveCfg = Debug|x64
		{1A2F5CE4-ED7F-4884-9D3E-5A7C605E0D74}.Debug_8_1|x64.Build.0 = Debug|x64
		{1A2F5CE4-ED7F-4884-9D3E-5A7C605E0D74}.Debug_8_1|x86.ActiveCfg = Debug|Win32
		{1A2F5CE4-ED7F-4884-9D3E-5A7C605E0D74}.Debug_8_1|x86.Build.0 = Debug|Win32
		{1A2F5CE4-ED7F-4884-9D3E-5A7C605E0D74}.Debug_dll|x64.ActiveCfg = Debug|x64
		{1A2F5CE4-ED7F-4884-9D3E-5A7C605E0D74}.Debug_dll|x64.Build.0 = Debug|x64
		{1A2F5CE4-ED7F-4884-9D3E-5A7C605E0D74}.Debug_dll|x86.ActiveCfg = Debug|Win32
		{1A2F5CE4-ED7F-4884-9D3E-5A7C605E0D74}.Debug_dll|x86.Build.0 = Debug|Win32
		{1A2F5CE4-ED7F-4884-9D3E-5A7C605E0D74}.Debug|x64.ActiveCfg = Debug|x64
		{1A2F5CE4-ED7F-4884-9D3E-5A7C605E0D74}.Debug|x64.Build.0 = Debug|x64
		{1A2F5CE4-ED7F-4884-9D3E-5A7C605E0D74}.Debug|x86.ActiveCfg = Debug|Win32
		{1A2F5CE4-ED7F-4884-9D3E-5A7C605E0D74}.Debug|x86.Build.0 = Debug|Win32
		{1A2F5CE4-ED7F-4884-9D3E-5A7C605E0D74}.Release_7|x64.ActiveCfg = Release|x64
		{1A2F5CE4-ED7F-4884-9D3E-5A7C605E0D74}.Release_7|x64.Build.0 = Release|x64
		{1A2F5CE4-ED7F-4884-9D3E-5A7C605E0D74}.Release_7|x86.ActiveCfg = Release|Win32
		{1A2F5CE4-ED7F-4884-9D3E-5A7C605E0D74}.Release_7|x86.Build.0 = Release|Win32
		{1A2F5CE4-ED7F-4884-9D3E-5A7C605E0D74}.Release_8_1|x64.ActiveCfg = Release|x64
		{1A2F5CE4-ED7F-4884-9D3E-5A7C605E0D74}.Release_8_1|x64.Build.0 = Release|x64
		{1A2F5CE4-ED7F-4884-9D3E-5A7C605E0D74}.Release_8_1|x86.ActiveCfg = Release|Win32
		{1A2F5CE4-ED7F-4884-9D3E-5A7C605E0D74}.Release_8_1|x86.Build.0 = Release|Win32
		{1A2F5CE4-ED7F-4884-9D3E-5A7C605E0D74}.Release|x64.ActiveCfg = Release|x64
		{1A2F5CE4-ED7F-4884-9D3E-5A7C605E0D74}.Release|x64.Build.0 = Release|x64
		{1A2F5CE4-ED7F-4884-9D3E-5A7C605E0D74}.Release|x86.ActiveCfg = Release|Win32
		{1A2F5CE4-ED7F-4884-9D3E-5A7C605E0D74}.Release|x86.Build.0 = Release|Win32
		{1A2F5CE4-ED7F-4884-9D3E-5A7C605E0D74}.Remote Debug|x64.ActiveCfg = Release|x64
		{1A2F5CE4-ED7F-4884-9D3E-5A7C605E0D74}.Remote Debug|x64.Build.0 = Release|x64
		{1A2F5CE4-ED7F-4884-9D3E-5A7C605E0D74}.Remote Debug|x86.ActiveCfg = Release|Win32
		{1A2F5CE4-ED7F-4884-9D3E-5A7C605E0D74}.Remote Debug|x86.Build.0 = Release|Win32
		{6B142E1B-BB2B-4CFF-9880-35336E0FE427}.Debug_7|x64.ActiveCfg = Debug|x64
		{6B142E1B-BB2B-4CFF-9880-35336E0FE427}.Debug_7|x64.Build.0 = Debug|x64
		{6B142E1B-BB2B-4CFF-9880-35336E0FE427}.Debug_7|x86.ActiveCfg = Debug|Win32
		{6B142E1B-BB2B-4CFF-9880-35336E0FE427}.Debug_7|x86.Build.0 = Debug|Win32
		{6B142E1B-BB2B-4CFF-9880-35336E0FE427}.Debug_8_1|x64.ActiveCfg = Debug|x64
		{6B142E1B-BB2B-4CFF-9880-35336E0FE427}.Debug_8_1|x64.Build.0 = Debug|x64
		{6B142E1B-BB2B-4CFF-9880-35336E0FE427}.Debug_8_1|x86.ActiveCfg = Debug|Win32
		{6B142E1B-BB2B-4CFF-9880-35336E0FE427}.Debug_8_1|x86.Build.0 = Debug|Win32
		{6B142E1B-BB2B-4CFF-9880-35336E0FE427}.Debug_dll|x64.ActiveCfg = Debug|x64
		{6B142E1B-BB2B-4CFF-9880-35336E0FE427}.Debug_dll|x64.Build.0 = Debug|x64
		{6B142E1B-BB2B-4CFF-9880-35336E0FE427}.Debug_dll|x86.ActiveCfg = Debug|Win32
		{6B142E1B-BB2B-4CFF-9880-35336E0FE427}.Debug_dll|x86.Build.0 = Debug|Win32
		{6B142E1B-BB2B-4CFF-9880-35336E0FE427}.Debug|x64.ActiveCfg = Debug|x64
		{6B142E1B-BB2B-4CFF-9880-35336E0FE427}.Debug|x64.Build.0 = Debug|x64
		{6B142E1B-BB2B-4CFF-9880-35336E0FE427}.Debug|x86.ActiveCfg = Debug|Win32
		{6B142E1B-BB2B-4CFF-9880-35336E0FE427}.Debug|x86.Build.0 = Debug|Win32
		{6B142E1B-BB2B-4CFF-9880-35336E0FE427}.Release_7|x64.ActiveCfg = Release|x64
		{6B142E1B-BB2B-4CFF-9880-35336E0FE427}.Release_7|x64.Build.0 = Release|x64
		{6B142E1B-BB2B-4CFF-9880-35336E0FE427}.Release_7|x86.ActiveCfg = Release|Win32
		{6B142E1B-BB2B-4CFF-9880-35336E0FE427}.Release_7|x86.Build.0 = Release|Win32
		{6B142E1B-BB2B-4CFF-9880-35336E0FE427}.Release_8_1|x64.ActiveCfg = Release|x64
		{6B142E1B-BB2B-4CFF-9880-35336E0FE427}.Release_8_1|x64.Build.0 = Release|x64
		{6B142E1B-BB2B-4CFF-9880-35336E0FE427}.Release_8_1|x86.ActiveCfg = Release|Win32
		{6B142E1B-BB2B-4CFF-9880-35336E0FE427}.Release_8_1|x86.Build.0 = Release|Win32
		{6B142E1B-BB2B-4CFF-9880-35336E0FE427}.Release|x64.ActiveCfg = Release|x64
		{6B142E1B-BB2B-4CFF-9880-35336E0FE427}.Release|x64.Build.0 = Release|x64
		{6B142E1B-BB2B-4CFF-9880-35336E0FE427}.Release|x86.ActiveCfg = Release|Win32
		{6B142E1B-BB2B-4CFF-9880-35336E0FE427}.Release|x86.Build.0 = Release|Win32
		{6B142E1B-BB2B-4CFF-9880-35336E0FE427}.Remote Debug|x64.ActiveCfg = Release|x64
		{6B142E1B-BB2B-4CFF-9880-35336E0FE427}.Remote Debug|x64.Build.0 = Release|x64
		{6B142E1B-BB2B-4CFF-9880-35336E0FE427}.Remote Debug|x86.ActiveCfg = Release|Win32
		{6B142E1B-BB2B-4CFF-9880-35336E0FE427}.Remote Debug|x86.Build.0 = Release|Win32
		{FC0E2683-4415-43CD-B676-93837C2F057B}.Debug_7|x64.ActiveCfg = Debug|x64
		{FC0E2683-4415-43CD-B676-93837C2F057B}.Debug_7|x64.Build.0 = Debug|x64
		{FC0E2683-4415-43CD-B676-93837C2F057B}.Debug_7|x86.ActiveCfg = Debug|Win32
		{FC0E2683-4415-43CD-B676-93837C2F057B}.Debug_7|x86.Build.0 = Debug|Win32
		{FC0E2683-4415-43CD-B676-93837C2F057B}.Debug_8_1|x64.ActiveCfg = Debug|x64
		{FC0E2683-4415-43CD-B676-93837C2F057B}.Debug_8_1|x64.Build.0 = Debug|x64
		{FC0E2683-4415-43CD-B676-93837C2F057B}.Debug_8_1|x86.ActiveCfg = Debug|Win32
		{FC0E2683-4415-43CD-B676-93837C2F057B}.Debug_8_1|x86.Build.0 = Debug|Win32
		{FC0E2683-4415-43CD-B676-93837C2F057B}.Debug_dll|x64.ActiveCfg = Debug|x64
		{FC0E2683-4415-43CD-B676-93837C2F057B}.Debug_dll|x64.Build.0 = Debug|x64
		{FC0E2683-4415-43CD-B676-93837C2F057B}.Debug_dll|x86.ActiveCfg = Debug|Win32
		{FC0E2683-4415-43CD-B676-93837C2F057B}.Debug_dll|x86.Build.0 = Debug|Win32
		{FC0E2683-4415-43CD-B676-93837C2F057B}.Debug|x64.ActiveCfg = Debug|x64
		{FC0E2683-4415-43CD-B676-93837C2F057B}.Debug|x64.Build.0 = Debug|x64
		{FC0E2683-4415-43CD-B676-93837C2F057B}.Debug|x86.ActiveCfg = Debug|Win32
		{FC0E2683-4415-43CD-B676-93837C2F057B}.Debug|x86.Build.0 = Debug|Win32
		{FC0E2683-4415-43CD-B676-93837C2F057B}.Release_7|x64.ActiveCfg = Release|x64
		{FC0E2683-4415-43CD-B676-93837C2F057B}.Release_7|x64.Build.0 = Release|x64
		{FC0E2683-4415-43CD-B676-93837C2F057B}.Release_7|x86.ActiveCfg = Release|Win32
		{FC0E2683-4415-43CD-B676-93837C2F057B}.Release_7|x86.Build.0 = Release|Win32
		{FC0E2683-4415-43CD-B676-93837C2F057B}.Release_8_1|x64.ActiveCfg = Release|x64
		{FC0E2683-4415-43CD-B676-93837C2F057B}.Release_8_1|x64.Build.0 = Release|x64
		{FC0E2683-4415-43CD-B676-93837C2F057B}.Release_8_1|x86.ActiveCfg = Release|Win32
		{FC0E2683-4415-43CD-B676-93837C2F057B}.Release_8_1|x86.Build.0 = Release|Win32
		{FC0E2683-4415-43CD-B676-93837C2F057B}.Release|x64.ActiveCfg = Release|x64
		{FC0E2683-4415-43CD-B676-93837C2F057B}.Release|x64.Build.0 = Release|x64
		{FC0E2683-4415-43CD-B676-93837C2F057B}.Release|x86.ActiveCfg = Release|Win32
		{FC0E2683-4415-43CD-B676-93837C2F057B}.Release|x86.Build.0 = Release|Win32
		{FC0E2683-4415-43CD-B676-93837C2F057B}.Remote Debug|x64.ActiveCfg = Release|x64
		{FC0E2683-4415-43CD-B676-93837C2F057B}.Remote Debug|x64.Build.0 = Release|x64
		{FC0E2683-4415-43CD-B676-93837C2F057B}.Remote Debug|x86.ActiveCfg = Release|Win32
		{FC0E2683-4415-43CD-B676-93837C2F057B}.Remote Debug|x86.Build.0 = Release|Win32
		{25353EF0-5E0E-406A-9A31-8CEE4FEF2A18}.Debug_7|x64.ActiveCfg = Debug|x64
		{25353EF0-5E0E-406A-9A31-8CEE4FEF2A18}.Debug_7|x64.Build.0 = Debug|x64
		{25353EF0-5E0E-406A-9A31-8CEE4FEF2A18}.Debug_7|x86.ActiveCfg = Debug|Win32
		{25353EF0-5E0E-406A-9A31-8CEE4FEF2A18}.Debug_7|x86.Build.0 = Debug|Win32
		{25353EF0-5E0E-406A-9A31-8CEE4FEF2A18}.Debug_8_1|x64.ActiveCfg = Debug|x64
		{25353EF0-5E0E-406A-9A31-8CEE4FEF2A18}.Debug_8_1|x64.Build.0 = Debug|x64
		{25353EF0-5E0E-406A-9A31-8CEE4FEF2A18}.Debug_8_1|x86.ActiveCfg = Debug|Win32
		{25353EF0-5E0E-406A-9A31-8CEE4FEF2A18}.Debug_8_1|x86.Build.0 = Debug|Win32
		{25353EF0-5E0E-406A-9A31-8CEE4FEF2A18}.Debug_dll|x64.ActiveCfg = Debug|x64
		{25353EF0-5E0E-406A-9A31-8CEE4FEF2A18}.Debug_dll|x64.Build.0 = Debug|x64
		{25353EF0-5E0E-406A-9A31-8CEE4FEF2A18}.Debug_dll|x86.ActiveCfg = Debug|Win32
		{25353EF0-5E0E-406A-9A31-8CEE4FEF2A18}.Debug_dll|x86.Build.0 = Debug|Win32
		{25353EF0-5E0E-406A-9A31-8CEE4FEF2A18}.Debug|x64.ActiveCfg = Debug|x64
		{25353EF0-5E0E-406A-9A31-8CEE4FEF2A18}.Debug|x64.Build.0 = Debug|x64
		{25353EF0-5E0E-406A-9A31-8CEE4FEF2A18}.Debug|x86.ActiveCfg = Debug|Win32
		{25353EF0-5E0E-406A-9A31-8CEE4FEF2A18}.Debug|x86.Build.0 = Debug|Win32
		{25353EF0-5E0E-406A-9A31-8CEE4FEF2A18}.Release_7|x64.ActiveCfg = Release|x64
		{25353EF0-5E0E-406A-9A31-8CEE4FEF2A18}.Release_7|x64.Build.0 = Release|x64
		{25353EF0-5E0E-406A-9A31-8CEE4FEF2A18}.Release_7|x86.ActiveCfg = Release|Win32
		{25353EF0-5E0E-406A-9A31-8CEE4FEF2A18}.Release_7|x86.Build.0 = Release|Win32
		{25353EF0-5E0E-406A-9A31-8CEE4FEF2A18}.Release_8_1|x64.ActiveCfg = Release|x64
		{25353EF0-5E0E-406A-9A31-8CEE4FEF2A18}.Release_8_1|x64.Build.0 = Release|x64
		{25353EF0-5E0E-406A-9A31-8CEE4FEF2A18}.Release_8_1|x86.ActiveCfg = Release|Win32
		{25353EF0-5E0E-406A-9A31-8CEE4FEF2A18}.Release_8_1|x86.Build.0 = Release|Win32
		{25353EF0-5E0E-406A-9A31-8CEE4FEF2A18}.Release|x64.ActiveCfg = Release|x64
		{25353EF0-5E0E-406A-9A31-8CEE4FEF2A18}.Release|x64.Build.0 = Release|x64
		{25353EF0-5E0E-406A-9A31-8CEE4FEF2A18}.Release|x86.ActiveCfg = Release|Win32
		{25353EF0-5E0E-406A-9A31-8CEE4FEF2A18}.Release|x86.Build.0 = Release|Win32
		{25353EF0-5E0E-406A-9A31-8CEE4FEF2A18}.Remote Debug|x64.ActiveCfg = Release|x64
		{25353EF0-5E0E-406A-9A31-8CEE4FEF2A18}.Remote Debug|x64.Build.0 = Release|x64
		{25353EF0-5E0E-406A-9A31-8CEE4FEF2A18}.Remote Debug|x86.ActiveCfg = Release|Win32
		{25353EF0-5E0E-406A-9A31-8CEE4FEF2A18}.Remote Debug|x86.Build.0 = Release|Win32
		{354F9676-B004-48CE-9240-E9719EDC9A42}.Debug_7|x64.ActiveCfg = Debug|x64
		{354F9676-B004-48CE-9240-E9719EDC9A42}.Debug_7|x64.Build.0 = Debug|x64
		{354F9676-B004-48CE-9240-E9719EDC9A42}.Debug_7|x86.ActiveCfg = Debug|Win32
		{354F9676-B004-48CE-9240-E9719EDC9A42}.Debug_7|x86.Build.0 = Debug|Win32
		{354F9676-B004-48CE-9240-E9719EDC9A42}.Debug_8_1|x64.ActiveCfg = Debug|x64
		{354F9676-B004-48CE-9240-E9719EDC9A42}.Debug_8_1|x64.Build.0 = Debug|x64
		{354F9676-B004-48CE-9240-E9719EDC9A42}.Debug_8_1|x86.ActiveCfg = Debug|Win32
		{354F9676-B004-48CE-9240-E9719EDC9A42}.Debug_8_1|x86.Build.0 = Debug|Win32
		{354F9676-B004-48CE-9240-E9719EDC9A42}.Debug_dll|x64.ActiveCfg = Debug|x64
		{354F9676-B004-48CE-9240-E9719EDC9A42}.Debug_dll|x64.Build.0 = Debug|x64
		{354F9676-B004-48CE-9240-E9719EDC9A42}.Debug_dll|x86.ActiveCfg = Debug|Win32
		{354F9676-B004-48CE-9240-E9719EDC9A42}.Debug_dll|x86.Build.0 = Debug|Win32
		{354F9676-B004-48CE-9240-E9719EDC9A42}.Debug|x64.ActiveCfg = Debug|x64
		{354F9676-B004-48CE-9240-E9719EDC9A42}.Debug|x64.Build.0 = Debug|x64
		{354F9676-B004-48CE-9240-E9719EDC9A42}.Debug|x86.ActiveCfg = Debug|Win32
		{354F9676-B004-48CE-9240-E9719EDC9A42}.Debug|x86.Build.0 = Debug|Win32
		{354F9676-B004-48CE-9240-E9719EDC9A42}.Release_7|x64.ActiveCfg = Release|x64
		{354F9676-B004-48CE-9240-E9719EDC9A42}.Release_7|x64.Build.0 = Release|x64
		{354F9676-B004-48CE-9240-E9719EDC9A42}.Release_7|x86.ActiveCfg = Release|Win32
		{354F9676-B004-48CE-9240-E9719EDC9A42}.Release_7|x86.Build.0 = Release|Win32
		{354F9676-B004-48CE-9240-E9719EDC9A42}.Release_8_1|x64.ActiveCfg = Release|x64
		{354F9676-B004-48CE-9240-E9719EDC9A42}.Release_8_1|x64.Build.0 = Release|x64
		{354F9676-B004-48CE-9240-E9719EDC9A42}.Release_8_1|x86.ActiveCfg = Release|Win32
		{354F9676-B004-48CE-9240-E9719EDC9A42}.Release_8_1|x86.Build.0 = Release|Win32
		{354F9676-B004-48CE-9240-E9719EDC9A42}.Release|x64.ActiveCfg = Release|x64
		{354F9676-B004-48CE-9240-E9719EDC9A42}.Release|x64.Build.0 = Release|x64
		{354F9676-B004-48CE-9240-E9719EDC9A42}.Release|x86.ActiveCfg = Release|Win32
		{354F9676-B004-48CE-9240-E9719EDC9A42}.Release|x86.Build.0 = Release|Win32
		{354F9676-B004-48CE-9240-E9719EDC9A42}.Remote Debug|x64.ActiveCfg = Release|x64
		{354F9676-B004-48CE-9240-E9719EDC9A42}.Remote Debug|x64.Build.0 = Release|x64
		{354F9676-B004-48CE-9240-E9719EDC9A42}.Remote Debug|x86.ActiveCfg = Release|Win32
		{354F9676-B004-48CE-9240-E9719EDC9A42}.Remote Debug|x86.Build.0 = Release|Win32
		{5548AE18-5E28-4956-8DCF-838E25C74946}.Debug_7|x64.ActiveCfg = Debug|x64
		{5548AE18-5E28-4956-8DCF-838E25C74946}.Debug_7|x64.Build.0 = Debug|x64
		{5548AE18-5E28-4956-8DCF-838E25C74946}.Debug_7|x86.ActiveCfg = Debug|Win32
		{5548AE18-5E28-4956-8DCF-838E25C74946}.Debug_7|x86.Build.0 = Debug|Win32
		{5548AE18-5E28-4956-8DCF-838E25C74946}.Debug_8_1|x64.ActiveCfg = Debug|x64
		{5548AE18-5E28-4956-8DCF-838E25C74946}.Debug_8_1|x64.Build.0 = Debug|x64
		{5548AE18-5E28-4956-8DCF-838E25C74946}.Debug_8_1|x86.ActiveCfg = Debug|Win32
		{5548AE18-5E28-4956-8DCF-838E25C74946}.Debug_8_1|x86.Build.0 = Debug|Win32
		{5548AE18-5E28-4956-8DCF-838E25C74946}.Debug_dll|x64.ActiveCfg = Debug|x64
		{5548AE18-5E28-4956-8DCF-838E25C74946}.Debug_dll|x64.Build.0 = Debug|x64
		{5548AE18-5E28-4956-8DCF-838E25C74946}.Debug_dll|x86.ActiveCfg = Debug|Win32
		{5548AE18-5E28-4956-8DCF-838E25C74946}.Debug_dll|x86.Build.0 = Debug|Win32
		{5548AE18-5E28-4956-8DCF-838E25C74946}.Debug|x64.ActiveCfg = Debug|x64
		{5548AE18-5E28-4956-8DCF-838E25C74946}.Debug|x64.Build.0 = Debug|x64
		{5548AE18-5E28-4956-8DCF-838E25C74946}.Debug|x86.ActiveCfg = Debug|Win32
		{5548AE18-5E28-4956-8DCF-838E25C74946}.Debug|x86.Build.0 = Debug|Win32
		{5548AE18-5E28-4956-8DCF-838E25C74946}.Release_7|x64.ActiveCfg = Release|x64
		{5548AE18-5E28-4956-8DCF-838E25C74946}.Release_7|x64.Build.0 = Release|x64
		{5548AE18-5E28-4956-8DCF-838E25C74946}.Release_7|x86.ActiveCfg = Release|Win32
		{5548AE18-5E28-4956-8DCF-838E25C74946}.Release_7|x86.Build.0 = Release|Win32
		{5548AE18-5E28-4956-8DCF-838E25C74946}.Release_8_1|x64.ActiveCfg = Release|x64
		{5548AE18-5E28-4956-8DCF-838E25C74946}.Release_8_1|x64.Build.0 = Release|x64
		{5548AE18-5E28-4956-8DCF-838E25C74946}.Release_8_1|x86.ActiveCfg = Release|Win32
		{5548AE18-5E28-4956-8DCF-838E25C74946}.Release_8_1|x86.Build.0 = Release|Win32
		{5548AE18-5E28-4956-8DCF-838E25C74946}.Release|x64.ActiveCfg = Release|x64
		{5548AE18-5E28-4956-8DCF-838E25C74946}.Release|x64.Build.0 = Release|x64
		{5548AE18-5E28-4956-8DCF-838E25C74946}.Release|x86.ActiveCfg = Release|Win32
		{5548AE18-5E28-4956-8DCF-838E25C74946}.Release|x86.Build.0 = Release|Win32
		{5548AE18-5E28-4956-8DCF-838E25C74946}.Remote Debug|x64.ActiveCfg = Release|x64
		{5548AE18-5E28-4956-8DCF-838E25C74946}.Remote Debug|x64.Build.0 = Release|x64
		{5548AE18-5E28-4956-8DCF-838E25C74946}.Remote Debug|x86.ActiveCfg = Release|Win32
		{5548AE18-5E28-4956-8DCF-838E25C74946}.Remote Debug|x86.Build.0 = Release|Win32
		{BE886389-FA1E-4C07-9D17-0C77E93D9764}.Debug_7|x64.ActiveCfg = Debug|x64
		{BE886389-FA1E-4C07-9D17-0C77E93D9764}.Debug_7|x64.Build.0 = Debug|x64
		{BE886389-FA1E-4C07-9D17-0C77E93D9764}.Debug_7|x86.ActiveCfg = Debug|Win32
		{BE886389-FA1E-4C07-9D17-0C77E93D9764}.Debug_7|x86.Build.0 = Debug|Win32
		{BE886389-FA1E-4C07-9D17-0C77E93D9764}.Debug_8_1|x64.ActiveCfg = Debug|x64
		{BE886389-FA1E-4C07-9D17-0C77E93D9764}.Debug_8_1|x64.Build.0 = Debug|x64
		{BE886389-FA1E-4C07-9D17-0C77E93D9764}.Debug_8_1|x86.ActiveCfg = Debug|Win32
		{BE886389-FA1E-4C07-9D17-0C77E93D9764}.Debug_8_1|x86.Build.0 = Debug|Win32
		{BE886389-FA1E-4C07-9D17-0C77E93D9764}.Debug_dll|x64.ActiveCfg = Debug|x64
		{BE886389-FA1E-4C07-9D17-0C77E93D9764}.Debug_dll|x64.Build.0 = Debug|x64
		{BE886389-FA1E-4C07-9D17-0C77E93D9764}.Debug_dll|x86.ActiveCfg = Debug|Win32
		{BE886389-FA1E-4C07-9D17-0C77E93D9764}.Debug_dll|x86.Build.0 = Debug|Win32
		{BE886389-FA1E-4C07-9D17-0C77E93D9764}.Debug|x64.ActiveCfg = Debug|x64
		{BE886389-FA1E-4C07-9D17-0C77E93D9764}.Debug|x64.Build.0 = Debug|x64
		{BE886389-FA1E-4C07-9D17-0C77E93D9764}.Debug|x86.ActiveCfg = Debug|Win32
		{BE886389-FA1E-4C07-9D17-0C77E93D9764}.Debug|x86.Build.0 = Debug|Win32
		{BE886389-FA1E-4C07-9D17-0C77E93D9764}.Release_7|x64.ActiveCfg = Release|x64
		{BE886389-FA1E-4C07-9D17-0C77E93D9764}.Release_7|x64.Build.0 = Release|x64
		{BE886389-FA1E-4C07-9D17-0C77E93D9764}.Release_7|x86.ActiveCfg = Release|Win32
		{BE886389-FA1E-4C07-9D17-0C77E93D9764}.Release_7|x86.Build.0 = Release|Win32
		{BE886389-FA1E-4C07-9D17-0C77E93D9764}.Release_8_1|x64.ActiveCfg = Release|x64
		{BE886389-FA1E-4C07-9D17-0C77E93D9764}.Release_8_1|x64.Build.0 = Release|x64
		{BE886389-FA1E-4C07-9D17-0C77E93D9764}.Release_8_1|x86.ActiveCfg = Release|Win32
		{BE886389-FA1E-4C07-9D17-0C77E93D9764}.Release_8_1|x86.Build.0 = Release|Win32
		{BE886389-FA1E-4C07-9D17-0C77E93D9764}.Release|x64.ActiveCfg = Release|x64
		{BE886389-FA1E-4C07-9D17-0C77E93D9764}.Release|x64.Build.0 = Release|x64
		{BE886389-FA1E-4C07-9D17-0C77E93D9764}.Release|x86.ActiveCfg = Release|Win32
		{BE886389-FA1E-4C07-9D17-0C77E93D9764}.Release|x86.Build.0 = Release|Win32
		{BE886389-FA1E-4C07-9D17-0C77E93D9764}.Remote Debug|x64.ActiveCfg = Release|x64
		{BE886389-FA1E-4C07-9D17-0C77E93D9764}.Remote Debug|x64.Build.0 = Release|x64
		{BE886389-FA1E-4C07-9D17-0C77E93D9764}.Remote Debug|x86.ActiveCfg = Release|Win32
		{BE886389-FA1E-4C07-9D17-0C77E93D9764}.Remote Debug|x86.Build.0 = Release|Win32
		{B02D51EC-ED1A-4DD3-B2A8-A6D46B408D09}.Debug_7|x64.ActiveCfg = Debug|x64
		{B02D51EC-ED1A-4DD3-B2A8-A6D46B408D09}.Debug_7|x64.Build.0 = Debug|x64
		{B02D51EC-ED1A-4DD3-B2A8-A6D46B408D09}.Debug_7|x86.ActiveCfg = Debug|Win32
		{B02D51EC-ED1A-4DD3-B2A8-A6D46B408D09}.Debug_7|x86.Build.0 = Debug|Win32
		{B02D51EC-ED1A-4DD3-B2A8-A6D46B408D09}.Debug_8_1|x64.ActiveCfg = Debug|x64
		{B02D51EC-ED1A-4DD3-B2A8-A6D46B408D09}.Debug_8_1|x64.Build.0 = Debug|x64
		{B02D51EC-ED1A-4DD3-B2A8-A6D46B408D09}.Debug_8_1|x86.ActiveCfg = Debug|Win32
		{B02D51EC-ED1A-4DD3-B2A8-A6D46B408D09}.Debug_8_1|x86.Build.0 = Debug|Win32
		{B02D51EC-ED1A-4DD3-B2A8-A6D46B408D09}.Debug_dll|x64.ActiveCfg = Debug|x64
		{B02D51EC-ED1A-4DD3-B2A8-A6D46B408D09}.Debug_dll|x64.Build.0 = Debug|x64
		{B02D51EC-ED1A-4DD3-B2A8-A6D46B408D09}.Debug_dll|x86.ActiveCfg = Debug|Win32
		{B02D51EC-ED1A-4DD3-B2A8-A6D46B408D09}.Debug_dll|x86.Build.0 = Debug|Win32
		{B02D51EC-ED1A-4DD3-B2A8-A6D46B408D09}.Debug|x64.ActiveCfg = Debug|x64
		{B02D51EC-ED1A-4DD3-B2A8-A6D46B408D09}.Debug|x64.Build.0 = Debug|x64
		{B02D51EC-ED1A-4DD3-B2A8-A6D46B408D09}.Debug|x86.ActiveCfg = Debug|Win32
		{B02D51EC-ED1A-4DD3-B2A8-A6D46B408D09}.Debug|x86.Build.0 = Debug|Win32
		{B02D51EC-ED1A-4DD3-B2A8-A6D46B408D09}.Release_7|x64.ActiveCfg = Release|x64
		{B02D51EC-ED1A-4DD3-B2A8-A6D46B408D09}.Release_7|x64.Build.0 = Release|x64
		{B02D51EC-ED1A-4DD3-B2A8-A6D46B408D09}.Release_7|x86.ActiveCfg = Release|Win32
		{B02D51EC-ED1A-4DD3-B2A8-A6D46B408D09}.Release_7|x86.Build.0 = Release|Win32
		{B02D51EC-ED1A-4DD3-B2A8-A6D46B408D09}.Release_8_1|x64.ActiveCfg = Release|x64
		{B02D51EC-ED1A-4DD3-B2A8-A6D46B408D09}.Release_8_1|x64.Build.0 = Release|x64
		{B02D51EC-ED1A-4DD3-B2A8-A6D46B408D09}.Release_8_1|x86.ActiveCfg = Release|Win32
		{B02D51EC-ED1A-4DD3-B2A8-A6D46B408D09}.Release_8_1|x86.Build.0 = Release|Win32
		{B02D51EC-ED1A-4DD3-B2A8-A6D46B408D09}.Release|x64.ActiveCfg = Release|x64
		{B02D51EC-ED1A-4DD3-B2A8-A6D46B408D09}.Release|x64.Build.0 = Release|x64
		{B02D51EC-ED1A-4DD3-B2A8-A6D46B408D09}.Release|x86.ActiveCfg = Release|Win32
		{B02D51EC-ED1A-4DD3-B2A8-A6D46B408D09}.Release|x86.Build.0 = Release|Win32
		{B02D51EC-ED1A-4DD3-B2A8-A6D46B408D09}.Remote Debug|x64.ActiveCfg = Release|x64
		{B02D51EC-ED1A-4DD3-B2A8-A6D46B408D09}.Remote Debug|x64.Build.0 = Release|x64
		{B02D51EC-ED1A-4DD3-B2A8-A6D46B408D09}.Remote Debug|x86.ActiveCfg = Release|Win32
		{B02D51EC-ED1A-4DD3-B2A8-A6D46B408D09}.Remote Debug|x86.Build.0 = Release|Win32
		{72CFD1B9-D8C6-430A-90EC-77336EB214BF}.Debug_7|x64.ActiveCfg = Debug|x64
		{72CFD1B9-D8C6-430A-90EC-77336EB214BF}.Debug_7|x64.Build.0 = Debug|x64
		{72CFD1B9-D8C6-430A-90EC-77336EB214BF}.Debug_7|x86.ActiveCfg = Debug|Win32
		{72CFD1B9-D8C6-430A-90EC-77336EB214BF}.Debug_7|x86.Build.0 = Debug|Win32
		{72CFD1B9-D8C6-430A-90EC-77336EB214BF}.Debug_8_1|x64.ActiveCfg = Debug|x64
		{72CFD1B9-D8C6-430A-90EC-77336EB214BF}.Debug_8_1|x64.Build.0 = Debug|x64
		{72CFD1B9-D8C6-430A-90EC-77336EB214BF}.Debug_8_1|x86.ActiveCfg = Debug|Win32
		{72CFD1B9-D8C6-430A-90EC-77336EB214BF}.Debug_8_1|x86.Build.0 = Debug|Win32
		{72CFD1B9-D8C6-430A-90EC-77336EB214BF}.Debug_dll|x64.ActiveCfg = Debug|x64
		{72CFD1B9-D8C6-430A-90EC-77336EB214BF}.Debug_dll|x64.Build.0 = Debug|x64
		{72CFD1B9-D8C6-430A-90EC-77336EB214BF}.Debug_dll|x86.ActiveCfg = Debug|Win32
		{72CFD1B9-D8C6-430A-90EC-77336EB214BF}.Debug_dll|x86.Build.0 = Debug|Win32
		{72CFD1B9-D8C6-430A-90EC-77336EB214BF}.Debug|x64.ActiveCfg = Debug|x64
		{72CFD1B9-D8C6-430A-90EC-77336EB214BF}.Debug|x64.Build.0 = Debug|x64
		{72CFD1B9-D8C6-430A-90EC-77336EB214BF}.Debug|x86.ActiveCfg = Debug|Win32
		{72CFD1B9-D8C6-430A-90EC-77336EB214BF}.Debug|x86.Build.0 = Debug|Win32
		{72CFD1B9-D8C6-430A-90EC-77336EB214BF}.Release_7|x64.ActiveCfg = Remote Debug|x64
		{72CFD1B9-D8C6-430A-90EC-77336EB214BF}.Release_7|x64.Build.0 = Remote Debug|x64
		{72CFD1B9-D8C6-430A-90EC-77336EB214BF}.Release_7|x86.ActiveCfg = Remote Debug|Win32
		{72CFD1B9-D8C6-430A-90EC-77336EB214BF}.Release_7|x86.Build.0 = Remote Debug|Win32
		{72CFD1B9-D8C6-430A-90EC-77336EB214BF}.Release_8_1|x64.ActiveCfg = Remote Debug|x64
		{72CFD1B9-D8C6-430A-90EC-77336EB214BF}.Release_8_1|x64.Build.0 = Remote Debug|x64
		{72CFD1B9-D8C6-430A-90EC-77336EB214BF}.Release_8_1|x86.ActiveCfg = Remote Debug|Win32
		{72CFD1B9-D8C6-430A-90EC-77336EB214BF}.Release_8_1|x86.Build.0 = Remote Debug|Win32
		{72CFD1B9-D8C6-430A-90EC-77336EB214BF}.Release|x64.ActiveCfg = Release|x64
		{72CFD1B9-D8C6-430A-90EC-77336EB214BF}.Release|x64.Build.0 = Release|x64
		{72CFD1B9-D8C6-430A-90EC-77336EB214BF}.Release|x86.ActiveCfg = Release|Win32
		{72CFD1B9-D8C6-430A-90EC-77336EB214BF}.Release|x86.Build.0 = Release|Win32
		{72CFD1B9-D8C6-430A-90EC-77336EB214BF}.Remote Debug|x64.ActiveCfg = Remote Debug|x64
		{72CFD1B9-D8C6-430A-90EC-77336EB214BF}.Remote Debug|x64.Build.0 = Remote Debug|x64
		{72CFD1B9-D8C6-430A-90EC-77336EB214BF}.Remote Debug|x86.ActiveCfg = Remote Debug|Win32
		{72CFD1B9-D8C6-430A-90EC-77336EB214BF}.Remote Debug|x86.Build.0 = Remote Debug|Win32
		{3CF31288-A44D-4C78-A3AA-B05B6E32DF11}.Debug_7|x64.ActiveCfg = Debug_dll|x64
		{3CF31288-A44D-4C78-A3AA-B05B6E32DF11}.Debug_7|x64.Build.0 = Debug_dll|x64
		{3CF31288-A44D-4C78-A3AA-B05B6E32DF11}.Debug_7|x86.ActiveCfg = Debug_dll|Win32
		{3CF31288-A44D-4C78-A3AA-B05B6E32DF11}.Debug_7|x86.Build.0 = Debug_dll|Win32
		{3CF31288-A44D-4C78-A3AA-B05B6E32DF11}.Debug_8_1|x64.ActiveCfg = Debug_dll|x64
		{3CF31288-A44D-4C78-A3AA-B05B6E32DF11}.Debug_8_1|x64.Build.0 = Debug_dll|x64
		{3CF31288-A44D-4C78-A3AA-B05B6E32DF11}.Debug_8_1|x86.ActiveCfg = Debug_dll|Win32
		{3CF31288-A44D-4C78-A3AA-B05B6E32DF11}.Debug_8_1|x86.Build.0 = Debug_dll|Win32
		{3CF31288-A44D-4C78-A3AA-B05B6E32DF11}.Debug_dll|x64.ActiveCfg = Debug_dll|x64
		{3CF31288-A44D-4C78-A3AA-B05B6E32DF11}.Debug_dll|x64.Build.0 = Debug_dll|x64
		{3CF31288-A44D-4C78-A3AA-B05B6E32DF11}.Debug_dll|x86.ActiveCfg = Debug_dll|Win32
		{3CF31288-A44D-4C78-A3AA-B05B6E32DF11}.Debug_dll|x86.Build.0 = Debug_dll|Win32
		{3CF31288-A44D-4C78-A3AA-B05B6E32DF11}.Debug|x64.ActiveCfg = Debug|x64
		{3CF31288-A44D-4C78-A3AA-B05B6E32DF11}.Debug|x64.Build.0 = Debug|x64
		{3CF31288-A44D-4C78-A3AA-B05B6E32DF11}.Debug|x86.ActiveCfg = Debug|Win32
		{3CF31288-A44D-4C78-A3AA-B05B6E32DF11}.Debug|x86.Build.0 = Debug|Win32
		{3CF31288-A44D-4C78-A3AA-B05B6E32DF11}.Release_7|x64.ActiveCfg = Release|x64
		{3CF31288-A44D-4C78-A3AA-B05B6E32DF11}.Release_7|x64.Build.0 = Release|x64
		{3CF31288-A44D-4C78-A3AA-B05B6E32DF11}.Release_7|x86.ActiveCfg = Release|Win32
		{3CF31288-A44D-4C78-A3AA-B05B6E32DF11}.Release_7|x86.Build.0 = Release|Win32
		{3CF31288-A44D-4C78-A3AA-B05B6E32DF11}.Release_8_1|x64.ActiveCfg = Release|x64
		{3CF31288-A44D-4C78-A3AA-B05B6E32DF11}.Release_8_1|x64.Build.0 = Release|x64
		{3CF31288-A44D-4C78-A3AA-B05B6E32DF11}.Release_8_1|x86.ActiveCfg = Release|Win32
		{3CF31288-A44D-4C78-A3AA-B05B6E32DF11}.Release_8_1|x86.Build.0 = Release|Win32
		{3CF31288-A44D-4C78-A3AA-B05B6E32DF11}.Release|x64.ActiveCfg = Release|x64
		{3CF31288-A44D-4C78-A3AA-B05B6E32DF11}.Release|x64.Build.0 = Release|x64
		{3CF31288-A44D-4C78-A3AA-B05B6E32DF11}.Release|x86.ActiveCfg = Release|Win32
		{3CF31288-A44D-4C78-A3AA-B05B6E32DF11}.Release|x86.Build.0 = Release|Win32
		{3CF31288-A44D-4C78-A3AA-B05B6E32DF11}.Remote Debug|x64.ActiveCfg = Release|x64
		{3CF31288-A44D-4C78-A3AA-B05B6E32DF11}.Remote Debug|x64.Build.0 = Release|x64
		{3CF31288-A44D-4C78-A3AA-B05B6E32DF11}.Remote Debug|x86.ActiveCfg = Release|Win32
		{3CF31288-A44D-4C78-A3AA-B05B6E32DF11}.Remote Debug|x86.Build.0 = Release|Win32
		{2F92DCB3-5B07-4041-BC24-34399FB3480D}.Debug_7|x64.ActiveCfg = Debug|x64
		{2F92DCB3-5B07-4041-BC24-34399FB3480D}.Debug_7|x64.Build.0 = Debug|x64
		{2F92DCB3-5B07-4041-BC24-34399FB3480D}.Debug_7|x86.ActiveCfg = Debug|x64
		{2F92DCB3-5B07-4041-BC24-34399FB3480D}.Debug_7|x86.Build.0 = Debug|x64
		{2F92DCB3-5B07-4041-BC24-34399FB3480D}.Debug_8_1|x64.ActiveCfg = Debug|x64
		{2F92DCB3-5B07-4041-BC24-34399FB3480D}.Debug_8_1|x64.Build.0 = Debug|x64
		{2F92DCB3-5B07-4041-BC24-34399FB3480D}.Debug_8_1|x86.ActiveCfg = Debug|x64
		{2F92DCB3-5B07-4041-BC24-34399FB3480D}.Debug_8_1|x86.Build.0 = Debug|x64
		{2F92DCB3-5B07-4041-BC24-34399FB3480D}.Debug_dll|x64.ActiveCfg = Debug|x64
		{2F92DCB3-5B07-4041-BC24-34399FB3480D}.Debug_dll|x64.Build.0 = Debug|x64
		{2F92DCB3-5B07-4041-BC24-34399FB3480D}.Debug_dll|x86.ActiveCfg = Debug|x64
		{2F92DCB3-5B07-4041-BC24-34399FB3480D}.Debug_dll|x86.Build.0 = Debug|x64
		{2F92DCB3-5B07-4041-BC24-34399FB3480D}.Debug|x64.ActiveCfg = Debug|x64
		{2F92DCB3-5B07-4041-BC24-34399FB3480D}.Debug|x64.Build.0 = Debug|x64
		{2F92DCB3-5B07-4041-BC24-34399FB3480D}.Debug|x86.ActiveCfg = Debug|x64
		{2F92DCB3-5B07-4041-BC24-34399FB3480D}.Debug|x86.Build.0 = Debug|x64
		{2F92DCB3-5B07-4041-BC24-34399FB3480D}.Release_7|x64.ActiveCfg = Release|x64
		{2F92DCB3-5B07-4041-BC24-34399FB3480D}.Release_7|x64.Build.0 = Release|x64
		{2F92DCB3-5B07-4041-BC24-34399FB3480D}.Release_7|x86.ActiveCfg = Release|x64
		{2F92DCB3-5B07-4041-BC24-34399FB3480D}.Release_7|x86.Build.0 = Release|x64
		{2F92DCB3-5B07-4041-BC24-34399FB3480D}.Release_8_1|x64.ActiveCfg = Release|x64
		{2F92DCB3-5B07-4041-BC24-34399FB3480D}.Release_8_1|x64.Build.0 = Release|x64
		{2F92DCB3-5B07-4041-BC24-34399FB3480D}.Release_8_1|x86.ActiveCfg = Release|x64
		{2F92DCB3-5B07-4041-BC24-34399FB3480D}.Release_8_1|x86.Build.0 = Release|x64
		{2F92DCB3-5B07-4041-BC24-34399FB3480D}.Release|x64.ActiveCfg = Release|x64
		{2F92DCB3-5B07-4041-BC24-34399FB3480D}.Release|x64.Build.0 = Release|x64
		{2F92DCB3-5B07-4041-BC24-34399FB3480D}.Release|x86.ActiveCfg = Release|x64
		{2F92DCB3-5B07-4041-BC24-34399FB3480D}.Release|x86.Build.0 = Release|x64
		{2F92DCB3-5B07-4041-BC24-34399FB3480D}.Remote Debug|x64.ActiveCfg = Release|x64
		{2F92DCB3-5B07-4041-BC24-34399FB3480D}.Remote Debug|x64.Build.0 = Release|x64
		{2F92DCB3-5B07-4041-BC24-34399FB3480D}.Remote Debug|x86.ActiveCfg = Release|x64
		{2F92DCB3-5B07-4041-BC24-34399FB3480D}.Remote Debug|x86.Build.0 = Release|x64
	EndGlobalSection
	GlobalSection(SolutionProperties) = preSolution
		HideSolutionNode = FALSE
	EndGlobalSection
	GlobalSection(NestedProjects) = preSolution
		{91667A4A-DA49-4CF7-949B-A8C6FA174432} = {6F16BAAC-38EB-4EBF-A22F-33733AA4CFEE}
		{2933B6B4-03EE-49F0-AC8B-C8853FC50F15} = {6F16BAAC-38EB-4EBF-A22F-33733AA4CFEE}
		{A951F6EF-E3DD-4FBE-8A91-87F53D6CA18B} = {6F16BAAC-38EB-4EBF-A22F-33733AA4CFEE}
		{7A214B61-D6A2-4D39-B889-49176EB67CFA} = {6F16BAAC-38EB-4EBF-A22F-33733AA4CFEE}
		{E6D22C77-5790-40DB-9ED7-65AD49DED1D8} = {70B86978-B8F5-43FF-8F17-84B126117789}
		{DEFE7518-DFDA-4070-B482-BBA4BD73F1AF} = {DC48CB22-07EB-4FE4-99DE-5C766750E34B}
		{0CC070F1-36FB-4812-BBEA-039EA230BE85} = {DC48CB22-07EB-4FE4-99DE-5C766750E34B}
		{C2D1BC3F-4270-4E7F-81CA-E86F459F23A4} = {DC48CB22-07EB-4FE4-99DE-5C766750E34B}
		{9E488FB3-AD2B-4D93-B1A9-81C17A13C760} = {0D85D7B4-878B-49F7-9924-96E8E454C970}
		{E9B5A1C9-8617-4CE5-980B-6FD8FE7F66A8} = {0D85D7B4-878B-49F7-9924-96E8E454C970}
		{B24F4F95-97D5-49BF-8A76-5F66E4AF3998} = {0D85D7B4-878B-49F7-9924-96E8E454C970}
		{1CA83AD6-74C5-4270-AD7C-FFDE62ACD843} = {0D85D7B4-878B-49F7-9924-96E8E454C970}
		{66FE013E-2581-41FA-BB9B-87C9A71640C3} = {0D85D7B4-878B-49F7-9924-96E8E454C970}
		{20569776-4852-41C7-907F-FA8F859BDBBF} = {948DD4A2-BF93-4DD1-B9E3-667EF04A44DC}
		{1A2F5CE4-ED7F-4884-9D3E-5A7C605E0D74} = {948DD4A2-BF93-4DD1-B9E3-667EF04A44DC}
		{6B142E1B-BB2B-4CFF-9880-35336E0FE427} = {948DD4A2-BF93-4DD1-B9E3-667EF04A44DC}
		{FC0E2683-4415-43CD-B676-93837C2F057B} = {948DD4A2-BF93-4DD1-B9E3-667EF04A44DC}
		{25353EF0-5E0E-406A-9A31-8CEE4FEF2A18} = {E501BDEE-892C-4356-8CB6-F41676BBEB2F}
		{354F9676-B004-48CE-9240-E9719EDC9A42} = {E501BDEE-892C-4356-8CB6-F41676BBEB2F}
		{5548AE18-5E28-4956-8DCF-838E25C74946} = {E501BDEE-892C-4356-8CB6-F41676BBEB2F}
		{BE886389-FA1E-4C07-9D17-0C77E93D9764} = {E501BDEE-892C-4356-8CB6-F41676BBEB2F}
		{B02D51EC-ED1A-4DD3-B2A8-A6D46B408D09} = {E501BDEE-892C-4356-8CB6-F41676BBEB2F}
		{72CFD1B9-D8C6-430A-90EC-77336EB214BF} = {EAF2B9B5-A3E5-4F0F-8EAE-6DFF49B6B152}
		{3CF31288-A44D-4C78-A3AA-B05B6E32DF11} = {CF6C2DBB-FF9A-4C93-A9D1-9A9D18C7B2AD}
		{2F92DCB3-5B07-4041-BC24-34399FB3480D} = {6F16BAAC-38EB-4EBF-A22F-33733AA4CFEE}
	EndGlobalSection
	GlobalSection(ExtensibilityGlobals) = postSolution
		SolutionGuid = {7B4AEED4-4DC8-4773-AF08-93B7A44044BB}
	EndGlobalSection
EndGlobal
