<?xml version="1.0" encoding="utf-8"?>
<Project ToolsVersion="4.0" xmlns="http://schemas.microsoft.com/developer/msbuild/2003">
  <ItemGroup>
    <ClCompile Include="period_search\areanorm.c" />
    <ClCompile Include="period_search\blmatrix.c" />
    <ClCompile Include="period_search\bright.c" />
    <ClCompile Include="period_search\conv.c" />
    <ClCompile Include="period_search\covsrt.c" />
    <ClCompile Include="period_search\curv.c" />
    <ClCompile Include="period_search\dot_product.c" />
    <ClCompile Include="period_search\ellfit.c" />
    <ClCompile Include="period_search\gauss_errc.c" />
    <ClCompile Include="period_search\lubksb.c" />
    <ClCompile Include="period_search\ludcmp.c" />
    <ClCompile Include="period_search\matrix.c" />
    <ClCompile Include="period_search\memory.c" />
    <ClCompile Include="period_search\mrqcof.c" />
    <ClCompile Include="period_search\mrqmin.c" />
    <ClCompile Include="period_search\period_search_BOINC.cpp" />
    <ClCompile Include="period_search\phasec.c" />
    <ClCompile Include="period_search\sphfunc.c" />
    <ClCompile Include="period_search\trifac.c" />
    <ClCompile Include="period_search\arrayHelpers.cpp" />
  </ItemGroup>
  <ItemGroup>
    <ClInclude Include="period_search\constants.h">
      <Filter>Header Files</Filter>
    </ClInclude>
    <ClInclude Include="period_search\declarations.h">
      <Filter>Header Files</Filter>
    </ClInclude>
    <ClInclude Include="period_search\globals.h">
      <Filter>Header Files</Filter>
    </ClInclude>
    <ClInclude Include="period_search\arrayHelpers.hpp">
      <Filter>Header Files</Filter>
    </ClInclude>
  </ItemGroup>
  <ItemGroup>
    <Filter Include="Header Files">
      <UniqueIdentifier>{f9349b9d-2ed2-49a7-8122-cf0e9dd0e6cc}</UniqueIdentifier>
      <Extensions>h;hh;hpp;hxx;hm;inl;inc;xsd</Extensions>
    </Filter>
  </ItemGroup>
</Project>