<?xml version="1.0" encoding="utf-8"?>
<Project ToolsVersion="4.0" xmlns="http://schemas.microsoft.com/developer/msbuild/2003">
  <ItemGroup>
    <ClCompile Include="period_search\period_search_BOINC.cpp" />
    <ClCompile Include="period_search\VersionInfo.cpp">
      <Filter>Source files</Filter>
    </ClCompile>
    <ClCompile Include="period_search\areanorm.c">
      <Filter>Source files</Filter>
    </ClCompile>
    <ClCompile Include="period_search\arrayHelpers.cpp">
      <Filter>Source files</Filter>
    </ClCompile>
    <ClCompile Include="period_search\blmatrix.c">
      <Filter>Source files</Filter>
    </ClCompile>
    <ClCompile Include="period_search\bright.c">
      <Filter>Source files</Filter>
    </ClCompile>
    <ClCompile Include="period_search\conv.c">
      <Filter>Source files</Filter>
    </ClCompile>
    <ClCompile Include="period_search\covsrt.c">
      <Filter>Source files</Filter>
    </ClCompile>
    <ClCompile Include="period_search\curv.c">
      <Filter>Source files</Filter>
    </ClCompile>
    <ClCompile Include="period_search\dot_product.c">
      <Filter>Source files</Filter>
    </ClCompile>
    <ClCompile Include="period_search\ellfit.c">
      <Filter>Source files</Filter>
    </ClCompile>
    <ClCompile Include="period_search\gauss_errc.c">
      <Filter>Source files</Filter>
    </ClCompile>
    <ClCompile Include="period_search\lubksb.c">
      <Filter>Source files</Filter>
    </ClCompile>
    <ClCompile Include="period_search\ludcmp.c">
      <Filter>Source files</Filter>
    </ClCompile>
    <ClCompile Include="period_search\matrix.c">
      <Filter>Source files</Filter>
    </ClCompile>
    <ClCompile Include="period_search\memory.c">
      <Filter>Source files</Filter>
    </ClCompile>
    <ClCompile Include="period_search\mrqcof.c">
      <Filter>Source files</Filter>
    </ClCompile>
    <ClCompile Include="period_search\mrqmin.c">
      <Filter>Source files</Filter>
    </ClCompile>
    <ClCompile Include="period_search\phasec.c">
      <Filter>Source files</Filter>
    </ClCompile>
    <ClCompile Include="period_search\sphfunc.c">
      <Filter>Source files</Filter>
    </ClCompile>
    <ClCompile Include="period_search\trifac.c">
      <Filter>Source files</Filter>
    </ClCompile>
  </ItemGroup>
  <ItemGroup>
    <ClInclude Include="period_search\arrayHelpers.hpp">
      <Filter>Header files</Filter>
    </ClInclude>
    <ClInclude Include="period_search\constants.h">
      <Filter>Header files</Filter>
    </ClInclude>
    <ClInclude Include="period_search\declarations.h">
      <Filter>Header files</Filter>
    </ClInclude>
    <ClInclude Include="period_search\globals.h">
      <Filter>Header files</Filter>
    </ClInclude>
    <ClInclude Include="period_search\resource.h">
      <Filter>Header files</Filter>
    </ClInclude>
    <ClInclude Include="period_search\VersionInfo.h">
      <Filter>Header files</Filter>
    </ClInclude>
  </ItemGroup>
  <ItemGroup>
    <Filter Include="Header files">
      <UniqueIdentifier>{aa7da9b6-0dc6-46c4-bafe-2d090f1622d9}</UniqueIdentifier>
    </Filter>
    <Filter Include="Source files">
      <UniqueIdentifier>{73b722c0-2375-4bfa-bd6f-58f60da120af}</UniqueIdentifier>
    </Filter>
    <Filter Include="Resource files">
      <UniqueIdentifier>{6a5e74fc-6b5b-4078-8e12-24859572d1b9}</UniqueIdentifier>
    </Filter>
  </ItemGroup>
  <ItemGroup>
    <ResourceCompile Include="period_search\psavx_vs2019.rc">
      <Filter>Resource files</Filter>
    </ResourceCompile>
  </ItemGroup>
  <ItemGroup>
    <Image Include="period_search\logo_Nta_icon.ico" />
  </ItemGroup>
  <ItemGroup>
    <None Include="period_search\Makefile" />
  </ItemGroup>
</Project>