<?xml version="1.0" encoding="utf-8"?>
<Project ToolsVersion="4.0" xmlns="http://schemas.microsoft.com/developer/msbuild/2003">
  <ItemGroup>
    <Filter Include="Source Files">
      <UniqueIdentifier>{4FC737F1-C7A5-4376-A066-2A32D752A2FF}</UniqueIdentifier>
      <Extensions>cpp;c;cc;cxx;c++;cppm;ixx;def;odl;idl;hpj;bat;asm;asmx</Extensions>
    </Filter>
    <Filter Include="Header Files">
      <UniqueIdentifier>{93995380-89BD-4b04-88EB-625FBE52EBFB}</UniqueIdentifier>
      <Extensions>h;hh;hpp;hxx;h++;hm;inl;inc;ipp;xsd</Extensions>
    </Filter>
    <Filter Include="Resource Files">
      <UniqueIdentifier>{67DA6AB6-F800-4c08-8B7A-83BB121AAD01}</UniqueIdentifier>
      <Extensions>rc;ico;cur;bmp;dlg;rc2;rct;bin;rgs;gif;jpg;jpeg;jpe;resx;tiff;tif;png;wav;mfcribbon-ms</Extensions>
    </Filter>
    <Filter Include="Source Files CL">
      <UniqueIdentifier>{20f1ab8b-07c0-48a6-9227-9fd075f1bd36}</UniqueIdentifier>
      <Extensions>cl;ocl</Extensions>
    </Filter>
  </ItemGroup>
  <ItemGroup>
    <ClCompile Include="period_search\areanorm.cpp">
      <Filter>Source Files</Filter>
    </ClCompile>
    <ClCompile Include="period_search\ellfit.cpp">
      <Filter>Source Files</Filter>
    </ClCompile>
    <ClCompile Include="period_search\period_search_BOINC.cpp">
      <Filter>Source Files</Filter>
    </ClCompile>
    <ClCompile Include="period_search\sphfunc.cpp">
      <Filter>Source Files</Filter>
    </ClCompile>
    <ClCompile Include="period_search\Start_OpenCl.cpp">
      <Filter>Source Files</Filter>
    </ClCompile>
    <ClCompile Include="period_search\stdafx.cpp">
      <Filter>Source Files</Filter>
    </ClCompile>
    <ClCompile Include="period_search\compareResult.cpp">
      <Filter>Source Files</Filter>
    </ClCompile>
    <ClCompile Include="period_search\covsrt.cpp">
      <Filter>Source Files</Filter>
    </ClCompile>
    <ClCompile Include="period_search\gauss_errc.cpp">
      <Filter>Source Files</Filter>
    </ClCompile>
    <ClCompile Include="period_search\host_dot_product.cpp">
      <Filter>Source Files</Filter>
    </ClCompile>
    <ClCompile Include="period_search\lubksb.cpp">
      <Filter>Source Files</Filter>
    </ClCompile>
    <ClCompile Include="period_search\ludcmp.cpp">
      <Filter>Source Files</Filter>
    </ClCompile>
    <ClCompile Include="period_search\memory.cpp">
      <Filter>Source Files</Filter>
    </ClCompile>
    <ClCompile Include="period_search\phasec.cpp">
      <Filter>Source Files</Filter>
    </ClCompile>
    <ClCompile Include="period_search\trifac.cpp">
      <Filter>Source Files</Filter>
    </ClCompile>
  </ItemGroup>
  <ItemGroup>
    <None Include="period_search\cpp.hint" />
    <None Include="period_search\GlobalsCL.h">
      <Filter>Header Files</Filter>
    </None>
    <None Include="period_search\blmatrix.cl">
      <Filter>Source Files CL</Filter>
    </None>
    <None Include="period_search\bright.cl">
      <Filter>Source Files CL</Filter>
    </None>
    <None Include="period_search\conv.cl">
      <Filter>Source Files CL</Filter>
    </None>
    <None Include="period_search\curv.cl">
      <Filter>Source Files CL</Filter>
    </None>
    <None Include="period_search\Curv2.cl">
      <Filter>Source Files CL</Filter>
    </None>
    <None Include="period_search\dave.cl">
      <Filter>Source Files CL</Filter>
    </None>
    <None Include="period_search\gauss_errc.cl">
      <Filter>Source Files CL</Filter>
    </None>
    <None Include="period_search\Intrinsics.cl">
      <Filter>Source Files CL</Filter>
    </None>
    <None Include="period_search\mrqcof.cl">
      <Filter>Source Files CL</Filter>
    </None>
    <None Include="period_search\mrqmin.cl">
      <Filter>Source Files CL</Filter>
    </None>
    <None Include="period_search\sig2iwght.cl">
      <Filter>Source Files CL</Filter>
    </None>
    <None Include="period_search\Start.cl">
      <Filter>Source Files CL</Filter>
    </None>
    <None Include="period_search\swap.cl">
      <Filter>Source Files CL</Filter>
    </None>
    <None Include="period_search\Makefile" />
  </ItemGroup>
  <ItemGroup>
    <ClInclude Include="period_search\constants.h">
      <Filter>Header Files</Filter>
    </ClInclude>
    <ClInclude Include="period_search\declarations.hpp">
      <Filter>Header Files</Filter>
    </ClInclude>
    <ClInclude Include="period_search\declarations_OpenCl.h">
      <Filter>Header Files</Filter>
    </ClInclude>
    <ClInclude Include="period_search\globals.h">
      <Filter>Header Files</Filter>
    </ClInclude>
    <ClInclude Include="period_search\Globals_OpenCl.h">
      <Filter>Header Files</Filter>
    </ClInclude>
    <ClInclude Include="period_search\Start_OpenCl.h">
      <Filter>Header Files</Filter>
    </ClInclude>
    <ClInclude Include="period_search\stdafx.h">
      <Filter>Header Files</Filter>
    </ClInclude>
    <ClInclude Include="period_search\targetver.h">
      <Filter>Header Files</Filter>
    </ClInclude>
    <ClInclude Include="period_search\resource.h">
      <Filter>Header Files</Filter>
    </ClInclude>
  </ItemGroup>
  <ItemGroup>
    <ResourceCompile Include="period_search\psamdopencl12.rc">
      <Filter>Resource Files</Filter>
    </ResourceCompile>
  </ItemGroup>
  <ItemGroup>
    <Image Include="period_search\logo_Nta_icon.ico">
      <Filter>Resource Files</Filter>
    </Image>
  </ItemGroup>
</Project>