<?xml version="1.0" encoding="utf-8"?>
<Project ToolsVersion="4.0" xmlns="http://schemas.microsoft.com/developer/msbuild/2003">
  <ItemGroup>
    <ClCompile Include="period_search\areanorm.c" />
    <ClCompile Include="period_search\blmatrix.c" />
    <ClCompile Include="period_search\conv.c" />
    <ClCompile Include="period_search\covsrt.c" />
    <ClCompile Include="period_search\host_dot_product.c" />
    <ClCompile Include="period_search\ellfit.c" />
    <ClCompile Include="period_search\gauss_errc.c" />
    <ClCompile Include="period_search\lubksb.c" />
    <ClCompile Include="period_search\ludcmp.c" />
    <ClCompile Include="period_search\matrix.c" />
    <ClCompile Include="period_search\memory.c" />
    <ClCompile Include="period_search\mrqmin.c" />
    <ClCompile Include="period_search\period_search_BOINC.cpp" />
    <ClCompile Include="period_search\phasec.c" />
    <ClCompile Include="period_search\sphfunc.c" />
    <ClCompile Include="period_search\stdafx.cpp" />
    <ClCompile Include="period_search\trifac.c" />
    <ClCompile Include="period_search\curv.c" />
    <ClCompile Include="period_search\mrqcof.cpp" />
    <ClCompile Include="period_search\bright.cpp" />
    <ClCompile Include="period_search\Curv1D.cpp" />
    <ClCompile Include="period_search\Array2D.cpp" />
    <ClCompile Include="period_search\Array3D.cpp" />
    <ClCompile Include="period_search\OpenClWorker.cpp" />
  </ItemGroup>
  <ItemGroup>
    <ClInclude Include="period_search\constants.h" />
    <ClInclude Include="period_search\globals.h" />
    <ClInclude Include="period_search\stdafx.h" />
    <ClInclude Include="period_search\targetver.h" />
    <ClInclude Include="period_search\uc2.h" />
    <ClInclude Include="period_search\OpenClWorker.hpp" />
    <ClInclude Include="period_search\declarations.hpp" />
  </ItemGroup>
  <ItemGroup>
    <Text Include="period_search\ReadMe.txt" />
  </ItemGroup>
  <ItemGroup>
    <Filter Include="Kernel Files">
      <UniqueIdentifier>{b6afcf43-3c00-4413-bb60-551fc2c98a9d}</UniqueIdentifier>
      <Extensions>cl</Extensions>
    </Filter>
  </ItemGroup>
  <ItemGroup>
    <None Include="period_search\dave.cl">
      <Filter>Kernel Files</Filter>
    </None>
    <None Include="period_search\sig2iwght.cl">
      <Filter>Kernel Files</Filter>
    </None>
    <None Include="period_search\curv.cl">
      <Filter>Kernel Files</Filter>
    </None>
    <None Include="period_search\clear_files.bat" />
    <None Include="period_search\period_search_in" />
  </ItemGroup>
</Project>