
Microsoft Visual Studio Solution File, Format Version 12.00
# Visual Studio 14
VisualStudioVersion = 14.0.25420.1
MinimumVisualStudioVersion = 10.0.40219.1
Project("{8BC9CEB8-8B4A-11D0-8D11-00A0C91BC942}") = "psopenclamd_vs2015", "psopenclamd_vs2015.vcxproj", "{DEFE7518-DFDA-4070-B482-BBA4BD73F1AF}"
EndProject
Project("{8BC9CEB8-8B4A-11D0-8D11-00A0C91BC942}") = "UnitTest_avx_win", "UnitTest_opencl_amd_win\UnitTest_avx_win.vcxproj", "{7990B841-46C6-49C4-8609-F1EF14566E3D}"
EndProject
Global
	GlobalSection(SolutionConfigurationPlatforms) = preSolution
		Debug|x64 = Debug|x64
		Debug|x86 = Debug|x86
		Release|x64 = Release|x64
		Release|x86 = Release|x86
		Remote Debug|x64 = Remote Debug|x64
		Remote Debug|x86 = Remote Debug|x86
	EndGlobalSection
	GlobalSection(ProjectConfigurationPlatforms) = postSolution
		{DEFE7518-DFDA-4070-B482-BBA4BD73F1AF}.Debug|x64.ActiveCfg = Debug|x64
		{DEFE7518-DFDA-4070-B482-BBA4BD73F1AF}.Debug|x64.Build.0 = Debug|x64
		{DEFE7518-DFDA-4070-B482-BBA4BD73F1AF}.Debug|x86.ActiveCfg = Debug|Win32
		{DEFE7518-DFDA-4070-B482-BBA4BD73F1AF}.Debug|x86.Build.0 = Debug|Win32
		{DEFE7518-DFDA-4070-B482-BBA4BD73F1AF}.Release|x64.ActiveCfg = Release|x64
		{DEFE7518-DFDA-4070-B482-BBA4BD73F1AF}.Release|x64.Build.0 = Release|x64
		{DEFE7518-DFDA-4070-B482-BBA4BD73F1AF}.Release|x86.ActiveCfg = Release|Win32
		{DEFE7518-DFDA-4070-B482-BBA4BD73F1AF}.Release|x86.Build.0 = Release|Win32
		{DEFE7518-DFDA-4070-B482-BBA4BD73F1AF}.Remote Debug|x64.ActiveCfg = Remote Debug|x64
		{DEFE7518-DFDA-4070-B482-BBA4BD73F1AF}.Remote Debug|x64.Build.0 = Remote Debug|x64
		{DEFE7518-DFDA-4070-B482-BBA4BD73F1AF}.Remote Debug|x86.ActiveCfg = Remote Debug|Win32
		{DEFE7518-DFDA-4070-B482-BBA4BD73F1AF}.Remote Debug|x86.Build.0 = Remote Debug|Win32
		{7990B841-46C6-49C4-8609-F1EF14566E3D}.Debug|x64.ActiveCfg = Debug|x64
		{7990B841-46C6-49C4-8609-F1EF14566E3D}.Debug|x64.Build.0 = Debug|x64
		{7990B841-46C6-49C4-8609-F1EF14566E3D}.Debug|x86.ActiveCfg = Debug|Win32
		{7990B841-46C6-49C4-8609-F1EF14566E3D}.Debug|x86.Build.0 = Debug|Win32
		{7990B841-46C6-49C4-8609-F1EF14566E3D}.Release|x64.ActiveCfg = Release|x64
		{7990B841-46C6-49C4-8609-F1EF14566E3D}.Release|x64.Build.0 = Release|x64
		{7990B841-46C6-49C4-8609-F1EF14566E3D}.Release|x86.ActiveCfg = Release|Win32
		{7990B841-46C6-49C4-8609-F1EF14566E3D}.Release|x86.Build.0 = Release|Win32
		{7990B841-46C6-49C4-8609-F1EF14566E3D}.Remote Debug|x64.ActiveCfg = Debug|x64
		{7990B841-46C6-49C4-8609-F1EF14566E3D}.Remote Debug|x64.Build.0 = Debug|x64
		{7990B841-46C6-49C4-8609-F1EF14566E3D}.Remote Debug|x86.ActiveCfg = Debug|Win32
		{7990B841-46C6-49C4-8609-F1EF14566E3D}.Remote Debug|x86.Build.0 = Debug|Win32
	EndGlobalSection
	GlobalSection(SolutionProperties) = preSolution
		HideSolutionNode = FALSE
	EndGlobalSection
EndGlobal
