<?xml version="1.0" encoding="utf-8"?>
<Project ToolsVersion="Current" xmlns="http://schemas.microsoft.com/developer/msbuild/2003">
  <ItemGroup>
    <CudaCompile Include="period_search\blmatrix.cu">
      <Filter>Source Files</Filter>
    </CudaCompile>
    <CudaCompile Include="period_search\bright.cu">
      <Filter>Source Files</Filter>
    </CudaCompile>
    <CudaCompile Include="period_search\ComputeCapability.cu">
      <Filter>Source Files</Filter>
    </CudaCompile>
    <CudaCompile Include="period_search\conv.cu">
      <Filter>Source Files</Filter>
    </CudaCompile>
    <CudaCompile Include="period_search\curv.cu">
      <Filter>Source Files</Filter>
    </CudaCompile>
    <CudaCompile Include="period_search\curve2_CUDA.cu">
      <Filter>Source Files</Filter>
    </CudaCompile>
    <CudaCompile Include="period_search\gauss_errc.cu">
      <Filter>Source Files</Filter>
    </CudaCompile>
    <CudaCompile Include="period_search\mrqcof.cu">
      <Filter>Source Files</Filter>
    </CudaCompile>
    <CudaCompile Include="period_search\mrqmin.cu">
      <Filter>Source Files</Filter>
    </CudaCompile>
    <CudaCompile Include="period_search\Start.cu">
      <Filter>Source Files</Filter>
    </CudaCompile>
    <CudaCompile Include="period_search\start_CUDA.cu">
      <Filter>Source Files</Filter>
    </CudaCompile>
  </ItemGroup>
  <ItemGroup>
    <ClCompile Include="period_search\areanorm.c">
      <Filter>Source Files</Filter>
    </ClCompile>
    <ClCompile Include="period_search\dot_product.c">
      <Filter>Source Files</Filter>
    </ClCompile>
    <ClCompile Include="period_search\ellfit.c">
      <Filter>Source Files</Filter>
    </ClCompile>
    <ClCompile Include="period_search\error.cpp">
      <Filter>Source Files</Filter>
    </ClCompile>
    <ClCompile Include="period_search\lubksb.c">
      <Filter>Source Files</Filter>
    </ClCompile>
    <ClCompile Include="period_search\ludcmp.c">
      <Filter>Source Files</Filter>
    </ClCompile>
    <ClCompile Include="period_search\memory.c">
      <Filter>Source Files</Filter>
    </ClCompile>
    <ClCompile Include="period_search\sphfunc.c">
      <Filter>Source Files</Filter>
    </ClCompile>
    <ClCompile Include="period_search\stdfax.cpp">
      <Filter>Source Files</Filter>
    </ClCompile>
    <ClCompile Include="period_search\trifac.c">
      <Filter>Source Files</Filter>
    </ClCompile>
    <ClCompile Include="period_search\VersionInfo.cpp">
      <Filter>Source Files</Filter>
    </ClCompile>
    <ClCompile Include="period_search\period_search_BOINC.cpp">
      <Filter>Source Files</Filter>
    </ClCompile>
  </ItemGroup>
  <ItemGroup>
    <ClInclude Include="period_search\constants.h">
      <Filter>Header Files</Filter>
    </ClInclude>
    <ClInclude Include="period_search\ComputeCapability.h">
      <Filter>Header Files</Filter>
    </ClInclude>
    <ClInclude Include="period_search\declarations.h">
      <Filter>Header Files</Filter>
    </ClInclude>
    <ClInclude Include="period_search\declarations_CUDA.h">
      <Filter>Header Files</Filter>
    </ClInclude>
    <ClInclude Include="period_search\globals.h">
      <Filter>Header Files</Filter>
    </ClInclude>
    <ClInclude Include="period_search\globals_CUDA.h">
      <Filter>Header Files</Filter>
    </ClInclude>
    <ClInclude Include="period_search\resource.h">
      <Filter>Resource Files</Filter>
    </ClInclude>
    <ClInclude Include="period_search\Start.cuh">
      <Filter>Header Files</Filter>
    </ClInclude>
    <ClInclude Include="period_search\start_CUDA.h">
      <Filter>Header Files</Filter>
    </ClInclude>
    <ClInclude Include="period_search\stdafx.h">
      <Filter>Header Files</Filter>
    </ClInclude>
    <ClInclude Include="period_search\uc2.h">
      <Filter>Header Files</Filter>
    </ClInclude>
    <ClInclude Include="period_search\Version.h">
      <Filter>Header Files</Filter>
    </ClInclude>
  </ItemGroup>
  <ItemGroup>
    <None Include=".gitignore" />
    <None Include="period_search\clear_files.bat" />
    <None Include="period_search\cpp.hint" />
    <None Include="period_search\Makefile" />
    <None Include="period_search\Makefile_CUDAv10.2" />
    <None Include="period_search\Makefile_CUDAv11.1" />
    <None Include="period_search\Makefile_CUDAv11.8" />
  </ItemGroup>
  <ItemGroup>
    <Filter Include="Header Files">
      <UniqueIdentifier>{71020790-a998-487d-992d-19e10da928ff}</UniqueIdentifier>
    </Filter>
    <Filter Include="Resource Files">
      <UniqueIdentifier>{0ccf4bba-49b1-46ce-a434-2e446019b57a}</UniqueIdentifier>
    </Filter>
    <Filter Include="Source Files">
      <UniqueIdentifier>{1757aea2-5919-4d5e-8537-cdb88bb44f3e}</UniqueIdentifier>
    </Filter>
  </ItemGroup>
  <ItemGroup>
    <Image Include="period_search\logo_Nta_icon.ico">
      <Filter>Resource Files</Filter>
    </Image>
  </ItemGroup>
  <ItemGroup>
    <ResourceCompile Include="period_search\pscuda118.rc">
      <Filter>Resource Files</Filter>
    </ResourceCompile>
  </ItemGroup>
</Project>