<?xml version="1.0" encoding="utf-8"?>
<Project ToolsVersion="4.0" xmlns="http://schemas.microsoft.com/developer/msbuild/2003">
  <ItemGroup>
    <Filter Include="Header Files">
      <UniqueIdentifier>{e6fd6fd5-c6a6-46ba-a2b1-d394c7b6d30d}</UniqueIdentifier>
    </Filter>
    <Filter Include="Source Files">
      <UniqueIdentifier>{8d236991-70b6-4b67-8da9-2dc51a76fb0d}</UniqueIdentifier>
    </Filter>
  </ItemGroup>
  <ItemGroup>
    <ClCompile Include="period_search\areanorm.c">
      <Filter>Source Files</Filter>
    </ClCompile>
    <ClCompile Include="period_search\blmatrix.c">
      <Filter>Source Files</Filter>
    </ClCompile>
    <ClCompile Include="period_search\bright.c">
      <Filter>Source Files</Filter>
    </ClCompile>
    <ClCompile Include="period_search\conv.c">
      <Filter>Source Files</Filter>
    </ClCompile>
    <ClCompile Include="period_search\covsrt.c">
      <Filter>Source Files</Filter>
    </ClCompile>
    <ClCompile Include="period_search\curv.c">
      <Filter>Source Files</Filter>
    </ClCompile>
    <ClCompile Include="period_search\dot_product.c">
      <Filter>Source Files</Filter>
    </ClCompile>
    <ClCompile Include="period_search\ellfit.c">
      <Filter>Source Files</Filter>
    </ClCompile>
    <ClCompile Include="period_search\gauss_errc.c">
      <Filter>Source Files</Filter>
    </ClCompile>
    <ClCompile Include="period_search\lubksb.c">
      <Filter>Source Files</Filter>
    </ClCompile>
    <ClCompile Include="period_search\ludcmp.c">
      <Filter>Source Files</Filter>
    </ClCompile>
    <ClCompile Include="period_search\matrix.c">
      <Filter>Source Files</Filter>
    </ClCompile>
    <ClCompile Include="period_search\memory.c">
      <Filter>Source Files</Filter>
    </ClCompile>
    <ClCompile Include="period_search\mrqcof.c">
      <Filter>Source Files</Filter>
    </ClCompile>
    <ClCompile Include="period_search\mrqmin.c">
      <Filter>Source Files</Filter>
    </ClCompile>
    <ClCompile Include="period_search\period_search_BOINC.cpp">
      <Filter>Source Files</Filter>
    </ClCompile>
    <ClCompile Include="period_search\phasec.c">
      <Filter>Source Files</Filter>
    </ClCompile>
    <ClCompile Include="period_search\sphfunc.c">
      <Filter>Source Files</Filter>
    </ClCompile>
    <ClCompile Include="period_search\trifac.c">
      <Filter>Source Files</Filter>
    </ClCompile>
    <ClCompile Include="period_search\systeminfo.cpp">
      <Filter>Source Files</Filter>
    </ClCompile>
  </ItemGroup>
  <ItemGroup>
    <ClInclude Include="period_search\constants.h">
      <Filter>Header Files</Filter>
    </ClInclude>
    <ClInclude Include="period_search\declarations.h">
      <Filter>Header Files</Filter>
    </ClInclude>
    <ClInclude Include="period_search\globals.h">
      <Filter>Header Files</Filter>
    </ClInclude>
    <ClInclude Include="period_search\Version.h">
      <Filter>Header Files</Filter>
    </ClInclude>
    <ClInclude Include="period_search\uc2.h">
      <Filter>Header Files</Filter>
    </ClInclude>
    <ClInclude Include="period_search\systeminfo.h">
      <Filter>Header Files</Filter>
    </ClInclude>
  </ItemGroup>
  <ItemGroup>
    <None Include="period_search\Makefile_mac" />
    <None Include="period_search\Makefile_mac2" />
    <None Include="period_search\MakeMacExample.sh" />
    <None Include="period_search_in" />
    <None Include="ps_200220_input_17109_11" />
    <None Include="ps_200229_input_66485_1" />
    <None Include="ps_200320_input_8781_13026" />
    <None Include="ps_200327_input_12348_23" />
    <None Include="ps_200327_input_12979_23" />
    <None Include="period_search\Makefile_RPi_armv7_arm32_debug" />
    <None Include="period_search\Makefile_RPi_armv7_arm32_release" />
    <None Include="period_search\Makefile_RPi_armv8_arm64_debug" />
    <None Include="period_search\Makefile_RPi_armv8_arm64_release" />
    <None Include="..\..\..\AsteroidsAtHome_Old\period_search_rpi_arm64\period_search\README.md" />
  </ItemGroup>
</Project>