<?xml version="1.0" encoding="utf-8"?>
<Project ToolsVersion="4.0" xmlns="http://schemas.microsoft.com/developer/msbuild/2003">
  <ItemGroup>
    <ClCompile Include="period_search\areanorm.c">
      <Filter>Source Files</Filter>
    </ClCompile>
    <ClCompile Include="period_search\blmatrix.c">
      <Filter>Source Files</Filter>
    </ClCompile>
    <ClCompile Include="period_search\bright.c">
      <Filter>Source Files</Filter>
    </ClCompile>
    <ClCompile Include="period_search\conv.c">
      <Filter>Source Files</Filter>
    </ClCompile>
    <ClCompile Include="period_search\covsrt.c">
      <Filter>Source Files</Filter>
    </ClCompile>
    <ClCompile Include="period_search\CpuInfo.cpp">
      <Filter>Source Files</Filter>
    </ClCompile>
    <ClCompile Include="period_search\curv.c">
      <Filter>Source Files</Filter>
    </ClCompile>
    <ClCompile Include="period_search\dot_product.c">
      <Filter>Source Files</Filter>
    </ClCompile>
    <ClCompile Include="period_search\ellfit.c">
      <Filter>Source Files</Filter>
    </ClCompile>
    <ClCompile Include="period_search\gauss_errc.c">
      <Filter>Source Files</Filter>
    </ClCompile>
    <ClCompile Include="period_search\lubksb.c">
      <Filter>Source Files</Filter>
    </ClCompile>
    <ClCompile Include="period_search\ludcmp.c">
      <Filter>Source Files</Filter>
    </ClCompile>
    <ClCompile Include="period_search\matrix.c">
      <Filter>Source Files</Filter>
    </ClCompile>
    <ClCompile Include="period_search\memory.c">
      <Filter>Source Files</Filter>
    </ClCompile>
    <ClCompile Include="period_search\mrqcof.c">
      <Filter>Source Files</Filter>
    </ClCompile>
    <ClCompile Include="period_search\mrqmin.c">
      <Filter>Source Files</Filter>
    </ClCompile>
    <ClCompile Include="period_search\period_search_BOINC.cpp">
      <Filter>Source Files</Filter>
    </ClCompile>
    <ClCompile Include="period_search\sphfunc.c">
      <Filter>Source Files</Filter>
    </ClCompile>
    <ClCompile Include="period_search\systeminfo.cpp">
      <Filter>Source Files</Filter>
    </ClCompile>
    <ClCompile Include="period_search\trifac.c">
      <Filter>Source Files</Filter>
    </ClCompile>
    <ClCompile Include="period_search\VersionInfo.cpp">
      <Filter>Source Files</Filter>
    </ClCompile>
    <ClCompile Include="period_search\phasec.c">
      <Filter>Source Files</Filter>
    </ClCompile>
  </ItemGroup>
  <ItemGroup>
    <ClInclude Include="period_search\constants.h">
      <Filter>Header Files</Filter>
    </ClInclude>
    <ClInclude Include="period_search\declarations.h">
      <Filter>Header Files</Filter>
    </ClInclude>
    <ClInclude Include="period_search\globals.h">
      <Filter>Header Files</Filter>
    </ClInclude>
    <ClInclude Include="period_search\systeminfo.h">
      <Filter>Header Files</Filter>
    </ClInclude>
    <ClInclude Include="period_search\uc2.h">
      <Filter>Header Files</Filter>
    </ClInclude>
    <ClInclude Include="resource.h">
      <Filter>Resource Files</Filter>
    </ClInclude>
  </ItemGroup>
  <ItemGroup>
    <Filter Include="Header Files">
      <UniqueIdentifier>{37a01abf-7b58-46ac-be02-ca796876044d}</UniqueIdentifier>
      <Extensions>h;hh;hpp;hxx;h++;hm;inl;inc;ipp;xsd</Extensions>
    </Filter>
    <Filter Include="Resource Files">
      <UniqueIdentifier>{216a4986-2b3d-4951-bc9c-03d593c99851}</UniqueIdentifier>
      <Extensions>rc;ico;cur;bmp;dlg;rc2;rct;bin;rgs;gif;jpg;jpeg;jpe;resx;tiff;tif;png;wav;mfcribbon-ms</Extensions>
    </Filter>
    <Filter Include="Source Files">
      <UniqueIdentifier>{c69d93f6-2560-4c5f-a7e6-a8f2eb314ddf}</UniqueIdentifier>
      <Extensions>cpp;c;cc;cxx;c++;cppm;ixx;def;odl;idl;hpj;bat;asm;asmx</Extensions>
    </Filter>
  </ItemGroup>
  <ItemGroup>
    <Image Include="period_search\logo_Nta_icon.ico">
      <Filter>Resource Files</Filter>
    </Image>
  </ItemGroup>
  <ItemGroup>
    <ResourceCompile Include="pscpu_vs2019.rc">
      <Filter>Resource Files</Filter>
    </ResourceCompile>
  </ItemGroup>
</Project>