<?xml version="1.0" encoding="utf-8"?>
<Project ToolsVersion="4.0" xmlns="http://schemas.microsoft.com/developer/msbuild/2003">
  <ItemGroup>
    <ClCompile Include="period_search\areanorm.c" />
    <ClCompile Include="period_search\blmatrix.c" />
    <ClCompile Include="period_search\bright.c" />
    <ClCompile Include="period_search\conv.c" />
    <ClCompile Include="period_search\covsrt.c" />
    <ClCompile Include="period_search\curv.c" />
    <ClCompile Include="period_search\dot_product.c" />
    <ClCompile Include="period_search\ellfit.c" />
    <ClCompile Include="period_search\gauss_errc.c" />
    <ClCompile Include="period_search\lubksb.c" />
    <ClCompile Include="period_search\ludcmp.c" />
    <ClCompile Include="period_search\matrix.c" />
    <ClCompile Include="period_search\memory.c" />
    <ClCompile Include="period_search\mrqcof.c" />
    <ClCompile Include="period_search\mrqmin.c" />
    <ClCompile Include="period_search\period_search_BOINC.cpp" />
    <ClCompile Include="period_search\phasec.c" />
    <ClCompile Include="period_search\sphfunc.c" />
    <ClCompile Include="period_search\trifac.c" />
    <ClCompile Include="period_search\VersionInfo.cpp" />
  </ItemGroup>
  <ItemGroup>
    <ClInclude Include="period_search\constants.h" />
    <ClInclude Include="period_search\declarations.h" />
    <ClInclude Include="period_search\globals.h" />
    <ClInclude Include="period_search\resource.h" />
  </ItemGroup>
  <ItemGroup>
    <Filter Include="Resource files">
      <UniqueIdentifier>{fbb59205-bd69-48b4-8df8-b3b426a7e3ce}</UniqueIdentifier>
    </Filter>
  </ItemGroup>
  <ItemGroup>
    <Image Include="period_search\logo_Nta_icon.ico" />
  </ItemGroup>
  <ItemGroup>
    <ResourceCompile Include="period_search\pssse3_vs2019.rc">
      <Filter>Resource files</Filter>
    </ResourceCompile>
  </ItemGroup>
</Project>